PODS:
  - AFNetworking (1.3.3)
  - FMDB (2.1):
    - FMDB/standard
  - FMDB/common (2.1)
  - FMDB/standard (2.1):
    - FMDB/common
  - GoogleAnalytics-iOS-SDK (3.0.2)
  - ISO8601DateFormatter (0.7)
  - Toast (2.0)

DEPENDENCIES:
  - AFNetworking (~> 1.3.3)
  - FMDB (~> 2.1)
  - GoogleAnalytics-iOS-SDK (~> 3.0.2)
  - ISO8601DateFormatter (~> 0.7)
  - Toast (~> 2.0)

SPEC CHECKSUMS:
  AFNetworking: 0700ec7a58c36ad217173e167f6e4df7270df66b
  FMDB: 3fd5aaf632ca4ed39e3f101e0398504e6d5b0918
  GoogleAnalytics-iOS-SDK: 51661781af363bdaac260df244db2539c707311d
  ISO8601DateFormatter: 00944e437ea647f4244454ce8809d313861d08de
  Toast: 05f46f9d48ddf6e29193f802b038e4fb41f806fa

COCOAPODS: 0.27.1
