// !$*UTF8*$!
{
	archiveVersion = 1;
	classes = {
	};
	objectVersion = 46;
	objects = {

/* Begin PBXBuildFile section */
		49059D8E17CA98E70084C15D /* SnapImagePicker.m in Sources */ = {isa = PBXBuildFile; fileRef = 49059D8D17CA98E70084C15D /* SnapImagePicker.m */; };
		49897C7F181D7BFC00F83173 /* Images.xcassets in Resources */ = {isa = PBXBuildFile; fileRef = 49897C7E181D7BFC00F83173 /* Images.xcassets */; };
		49CF3C311785D1F20013C5CA /* iPhoneStoryboard.storyboard in Resources */ = {isa = PBXBuildFile; fileRef = 49CF3C301785D1F20013C5CA /* iPhoneStoryboard.storyboard */; };
		49CF3C371785D58E0013C5CA /* iPadStoryboard.storyboard in Resources */ = {isa = PBXBuildFile; fileRef = 49CF3C361785D58E0013C5CA /* iPadStoryboard.storyboard */; };
		49D7E61E17C71CDF00CA89E9 /* Crashlytics.framework in Frameworks */ = {isa = PBXBuildFile; fileRef = 49D7E61D17C71CDF00CA89E9 /* Crashlytics.framework */; };
		49E7142F17582DA4000442D4 /* UIKit.framework in Frameworks */ = {isa = PBXBuildFile; fileRef = 49E7142E17582DA4000442D4 /* UIKit.framework */; };
		49E7143117582DA4000442D4 /* Foundation.framework in Frameworks */ = {isa = PBXBuildFile; fileRef = 49E7143017582DA4000442D4 /* Foundation.framework */; };
		49E7143317582DA4000442D4 /* CoreGraphics.framework in Frameworks */ = {isa = PBXBuildFile; fileRef = 49E7143217582DA4000442D4 /* CoreGraphics.framework */; };
		49E7151417582E17000442D4 /* SnapAppDelegate.m in Sources */ = {isa = PBXBuildFile; fileRef = 49E714B617582E17000442D4 /* SnapAppDelegate.m */; };
		49E7151517582E17000442D4 /* SnapEventListAuthViewController.m in Sources */ = {isa = PBXBuildFile; fileRef = 49E714B917582E17000442D4 /* SnapEventListAuthViewController.m */; };
		49E7151617582E17000442D4 /* SnapEventListViewController.m in Sources */ = {isa = PBXBuildFile; fileRef = 49E714BB17582E17000442D4 /* SnapEventListViewController.m */; };
		49E7151717582E17000442D4 /* SnapEventPhotoListViewController.m in Sources */ = {isa = PBXBuildFile; fileRef = 49E714BD17582E17000442D4 /* SnapEventPhotoListViewController.m */; };
		49E7151817582E17000442D4 /* SnapLoadingViewController.m in Sources */ = {isa = PBXBuildFile; fileRef = 49E714BF17582E17000442D4 /* SnapLoadingViewController.m */; };
		49E7151917582E17000442D4 /* SnapNavigationBar.m in Sources */ = {isa = PBXBuildFile; fileRef = 49E714C117582E17000442D4 /* SnapNavigationBar.m */; };
		49E7151A17582E17000442D4 /* SnapPhotoShareViewController.m in Sources */ = {isa = PBXBuildFile; fileRef = 49E714C317582E17000442D4 /* SnapPhotoShareViewController.m */; };
		49E7151B17582E17000442D4 /* SnapApiClient.m in Sources */ = {isa = PBXBuildFile; fileRef = 49E714C617582E17000442D4 /* SnapApiClient.m */; };
		49E7151C17582E17000442D4 /* SnapCamera.m in Sources */ = {isa = PBXBuildFile; fileRef = 49E714C817582E17000442D4 /* SnapCamera.m */; };
		49E7151D17582E17000442D4 /* SnapCL.m in Sources */ = {isa = PBXBuildFile; fileRef = 49E714CA17582E17000442D4 /* SnapCL.m */; };
		49E7151E17582E17000442D4 /* SnapCrypto.m in Sources */ = {isa = PBXBuildFile; fileRef = 49E714CC17582E17000442D4 /* SnapCrypto.m */; };
		49E7151F17582E17000442D4 /* SnapEvent.m in Sources */ = {isa = PBXBuildFile; fileRef = 49E714CF17582E17000442D4 /* SnapEvent.m */; };
		49E7152017582E17000442D4 /* SnapGuest.m in Sources */ = {isa = PBXBuildFile; fileRef = 49E714D117582E17000442D4 /* SnapGuest.m */; };
		49E7152117582E17000442D4 /* SnapPhoto.m in Sources */ = {isa = PBXBuildFile; fileRef = 49E714D317582E17000442D4 /* SnapPhoto.m */; };
		49E7152217582E17000442D4 /* SnapUser.m in Sources */ = {isa = PBXBuildFile; fileRef = 49E714D517582E17000442D4 /* SnapUser.m */; };
		49E7152317582E17000442D4 /* SnapEventListCell.m in Sources */ = {isa = PBXBuildFile; fileRef = 49E714D817582E17000442D4 /* SnapEventListCell.m */; };
		49E7152417582E17000442D4 /* SnapEventPhotoListCell.m in Sources */ = {isa = PBXBuildFile; fileRef = 49E714DA17582E17000442D4 /* SnapEventPhotoListCell.m */; };
		49E7155017582E17000442D4 /* CameraOverlay.xib in Resources */ = {isa = PBXBuildFile; fileRef = 49E7150917582E17000442D4 /* CameraOverlay.xib */; };
		49E7155117582E17000442D4 /* EventPhotoListHeader.xib in Resources */ = {isa = PBXBuildFile; fileRef = 49E7150A17582E17000442D4 /* EventPhotoListHeader.xib */; };
		49E7155517582E17000442D4 /* InfoPlist.strings in Resources */ = {isa = PBXBuildFile; fileRef = 49E7151117582E17000442D4 /* InfoPlist.strings */; };
		49E7155617582E17000442D4 /* main.m in Sources */ = {isa = PBXBuildFile; fileRef = 49E7151317582E17000442D4 /* main.m */; };
		49E7158B17582F18000442D4 /* MobileCoreServices.framework in Frameworks */ = {isa = PBXBuildFile; fileRef = 49E7158A17582F18000442D4 /* MobileCoreServices.framework */; };
		49E7158D17582F32000442D4 /* SystemConfiguration.framework in Frameworks */ = {isa = PBXBuildFile; fileRef = 49E7158C17582F32000442D4 /* SystemConfiguration.framework */; };
		49E7158F1758313C000442D4 /* CoreLocation.framework in Frameworks */ = {isa = PBXBuildFile; fileRef = 49E7158E1758313C000442D4 /* CoreLocation.framework */; };
		49E715911758462E000442D4 /* CoreData.framework in Frameworks */ = {isa = PBXBuildFile; fileRef = 49E715901758462E000442D4 /* CoreData.framework */; };
		49F3F71417DD4A9D003A8D76 /* Default-568h@2x.png in Resources */ = {isa = PBXBuildFile; fileRef = 49F3F6EE17DD4A9D003A8D76 /* Default-568h@2x.png */; };
		49F3F71517DD4A9D003A8D76 /* Default.png in Resources */ = {isa = PBXBuildFile; fileRef = 49F3F6EF17DD4A9D003A8D76 /* Default.png */; };
		49F3F71617DD4A9D003A8D76 /* Default@2x.png in Resources */ = {isa = PBXBuildFile; fileRef = 49F3F6F017DD4A9D003A8D76 /* Default@2x.png */; };
		49F3F71717DD4A9D003A8D76 /* Icon-72.png in Resources */ = {isa = PBXBuildFile; fileRef = 49F3F6F217DD4A9D003A8D76 /* Icon-72.png */; };
		49F3F71817DD4A9D003A8D76 /* Icon-72@2x.png in Resources */ = {isa = PBXBuildFile; fileRef = 49F3F6F317DD4A9D003A8D76 /* Icon-72@2x.png */; };
		49F3F71917DD4A9D003A8D76 /* Icon-Small-50.png in Resources */ = {isa = PBXBuildFile; fileRef = 49F3F6F417DD4A9D003A8D76 /* Icon-Small-50.png */; };
		49F3F71A17DD4A9D003A8D76 /* Icon-Small-50@2x.png in Resources */ = {isa = PBXBuildFile; fileRef = 49F3F6F517DD4A9D003A8D76 /* Icon-Small-50@2x.png */; };
		49F3F71B17DD4A9D003A8D76 /* Icon-Small.png in Resources */ = {isa = PBXBuildFile; fileRef = 49F3F6F617DD4A9D003A8D76 /* Icon-Small.png */; };
		49F3F71C17DD4A9D003A8D76 /* Icon-Small@2x.png in Resources */ = {isa = PBXBuildFile; fileRef = 49F3F6F717DD4A9D003A8D76 /* Icon-Small@2x.png */; };
		49F3F71D17DD4A9D003A8D76 /* Icon.png in Resources */ = {isa = PBXBuildFile; fileRef = 49F3F6F817DD4A9D003A8D76 /* Icon.png */; };
		49F3F71E17DD4A9D003A8D76 /* Icon@2x.png in Resources */ = {isa = PBXBuildFile; fileRef = 49F3F6F917DD4A9D003A8D76 /* Icon@2x.png */; };
		49F3F71F17DD4A9D003A8D76 /* iTunesArtwork in Resources */ = {isa = PBXBuildFile; fileRef = 49F3F6FA17DD4A9D003A8D76 /* iTunesArtwork */; };
		49F3F72017DD4A9D003A8D76 /* arrowBlue.png in Resources */ = {isa = PBXBuildFile; fileRef = 49F3F6FC17DD4A9D003A8D76 /* arrowBlue.png */; };
		49F3F72117DD4A9D003A8D76 /* background.png in Resources */ = {isa = PBXBuildFile; fileRef = 49F3F6FD17DD4A9D003A8D76 /* background.png */; };
		49F3F72217DD4A9D003A8D76 /* backgroundAuthentication.png in Resources */ = {isa = PBXBuildFile; fileRef = 49F3F6FE17DD4A9D003A8D76 /* backgroundAuthentication.png */; };
		49F3F72317DD4A9D003A8D76 /* backgroundAuthenticationPIN.png in Resources */ = {isa = PBXBuildFile; fileRef = 49F3F6FF17DD4A9D003A8D76 /* backgroundAuthenticationPIN.png */; };
		49F3F72417DD4A9D003A8D76 /* backgroundBlueButton.png in Resources */ = {isa = PBXBuildFile; fileRef = 49F3F70017DD4A9D003A8D76 /* backgroundBlueButton.png */; };
		49F3F72517DD4A9D003A8D76 /* backgroundGreenButton.png in Resources */ = {isa = PBXBuildFile; fileRef = 49F3F70117DD4A9D003A8D76 /* backgroundGreenButton.png */; };
		49F3F72617DD4A9D003A8D76 /* backgroundOrangeButton.png in Resources */ = {isa = PBXBuildFile; fileRef = 49F3F70217DD4A9D003A8D76 /* backgroundOrangeButton.png */; };
		49F3F72717DD4A9D003A8D76 /* backgroundPhoto.png in Resources */ = {isa = PBXBuildFile; fileRef = 49F3F70317DD4A9D003A8D76 /* backgroundPhoto.png */; };
		49F3F72817DD4A9D003A8D76 /* blueArrow.png in Resources */ = {isa = PBXBuildFile; fileRef = 49F3F70417DD4A9D003A8D76 /* blueArrow.png */; };
		49F3F72917DD4A9D003A8D76 /* buttonCamera.png in Resources */ = {isa = PBXBuildFile; fileRef = 49F3F70517DD4A9D003A8D76 /* buttonCamera.png */; };
		49F3F72A17DD4A9D003A8D76 /* eventListEventBackground.png in Resources */ = {isa = PBXBuildFile; fileRef = 49F3F70617DD4A9D003A8D76 /* eventListEventBackground.png */; };
		49F3F72B17DD4A9D003A8D76 /* eventListEventBackgroundHighlight.png in Resources */ = {isa = PBXBuildFile; fileRef = 49F3F70717DD4A9D003A8D76 /* eventListEventBackgroundHighlight.png */; };
		49F3F72C17DD4A9D003A8D76 /* eventPhotoBorder.png in Resources */ = {isa = PBXBuildFile; fileRef = 49F3F70817DD4A9D003A8D76 /* eventPhotoBorder.png */; };
		49F3F72D17DD4A9D003A8D76 /* navigationBarBackgroundImage.png in Resources */ = {isa = PBXBuildFile; fileRef = 49F3F70917DD4A9D003A8D76 /* navigationBarBackgroundImage.png */; };
		49F3F72E17DD4A9D003A8D76 /* photoDefault.jpg in Resources */ = {isa = PBXBuildFile; fileRef = 49F3F70A17DD4A9D003A8D76 /* photoDefault.jpg */; };
		49F3F72F17DD4A9D003A8D76 /* photoPickerButton.png in Resources */ = {isa = PBXBuildFile; fileRef = 49F3F70B17DD4A9D003A8D76 /* photoPickerButton.png */; };
		49F3F73117DD4A9D003A8D76 /* photoUploadBackground.png in Resources */ = {isa = PBXBuildFile; fileRef = 49F3F70D17DD4A9D003A8D76 /* photoUploadBackground.png */; };
		49F3F73417DD4A9D003A8D76 /* shareUploadImageBG.png in Resources */ = {isa = PBXBuildFile; fileRef = 49F3F71017DD4A9D003A8D76 /* shareUploadImageBG.png */; };
		49F3F73517DD4A9D003A8D76 /* shareUploadImageBGlrg.png in Resources */ = {isa = PBXBuildFile; fileRef = 49F3F71117DD4A9D003A8D76 /* shareUploadImageBGlrg.png */; };
		49F3F73617DD4A9D003A8D76 /* teardrop.png in Resources */ = {isa = PBXBuildFile; fileRef = 49F3F71217DD4A9D003A8D76 /* teardrop.png */; };
		49F3F73717DD4A9D003A8D76 /* uploadCancelButton.png in Resources */ = {isa = PBXBuildFile; fileRef = 49F3F71317DD4A9D003A8D76 /* uploadCancelButton.png */; };
		B7CD800CD51846368E7684AC /* libPods.a in Frameworks */ = {isa = PBXBuildFile; fileRef = 6A88CA54A4C34E90AD207463 /* libPods.a */; };
/* End PBXBuildFile section */

/* Begin PBXFileReference section */
		0F75F41D75244D15BF650259 /* Pods.xcconfig */ = {isa = PBXFileReference; includeInIndex = 1; lastKnownFileType = text.xcconfig; name = Pods.xcconfig; path = Pods/Pods.xcconfig; sourceTree = SOURCE_ROOT; };
		49059D8C17CA98E70084C15D /* SnapImagePicker.h */ = {isa = PBXFileReference; fileEncoding = 4; lastKnownFileType = sourcecode.c.h; path = SnapImagePicker.h; sourceTree = "<group>"; };
		49059D8D17CA98E70084C15D /* SnapImagePicker.m */ = {isa = PBXFileReference; fileEncoding = 4; lastKnownFileType = sourcecode.c.objc; path = SnapImagePicker.m; sourceTree = "<group>"; };
		49897C7E181D7BFC00F83173 /* Images.xcassets */ = {isa = PBXFileReference; lastKnownFileType = folder.assetcatalog; path = Images.xcassets; sourceTree = "<group>"; };
		49CF3C301785D1F20013C5CA /* iPhoneStoryboard.storyboard */ = {isa = PBXFileReference; fileEncoding = 4; lastKnownFileType = file.storyboard; path = iPhoneStoryboard.storyboard; sourceTree = "<group>"; };
		49CF3C361785D58E0013C5CA /* iPadStoryboard.storyboard */ = {isa = PBXFileReference; fileEncoding = 4; lastKnownFileType = file.storyboard; path = iPadStoryboard.storyboard; sourceTree = "<group>"; };
		49D7E61D17C71CDF00CA89E9 /* Crashlytics.framework */ = {isa = PBXFileReference; lastKnownFileType = wrapper.framework; path = Crashlytics.framework; sourceTree = "<group>"; };
		49E7142B17582DA4000442D4 /* Snapable.app */ = {isa = PBXFileReference; explicitFileType = wrapper.application; includeInIndex = 0; path = Snapable.app; sourceTree = BUILT_PRODUCTS_DIR; };
		49E7142E17582DA4000442D4 /* UIKit.framework */ = {isa = PBXFileReference; lastKnownFileType = wrapper.framework; name = UIKit.framework; path = System/Library/Frameworks/UIKit.framework; sourceTree = SDKROOT; };
		49E7143017582DA4000442D4 /* Foundation.framework */ = {isa = PBXFileReference; lastKnownFileType = wrapper.framework; name = Foundation.framework; path = System/Library/Frameworks/Foundation.framework; sourceTree = SDKROOT; };
		49E7143217582DA4000442D4 /* CoreGraphics.framework */ = {isa = PBXFileReference; lastKnownFileType = wrapper.framework; name = CoreGraphics.framework; path = System/Library/Frameworks/CoreGraphics.framework; sourceTree = SDKROOT; };
		49E714B517582E17000442D4 /* SnapAppDelegate.h */ = {isa = PBXFileReference; fileEncoding = 4; lastKnownFileType = sourcecode.c.h; path = SnapAppDelegate.h; sourceTree = "<group>"; };
		49E714B617582E17000442D4 /* SnapAppDelegate.m */ = {isa = PBXFileReference; fileEncoding = 4; lastKnownFileType = sourcecode.c.objc; path = SnapAppDelegate.m; sourceTree = "<group>"; };
		49E714B817582E17000442D4 /* SnapEventListAuthViewController.h */ = {isa = PBXFileReference; fileEncoding = 4; lastKnownFileType = sourcecode.c.h; path = SnapEventListAuthViewController.h; sourceTree = "<group>"; };
		49E714B917582E17000442D4 /* SnapEventListAuthViewController.m */ = {isa = PBXFileReference; fileEncoding = 4; lastKnownFileType = sourcecode.c.objc; path = SnapEventListAuthViewController.m; sourceTree = "<group>"; };
		49E714BA17582E17000442D4 /* SnapEventListViewController.h */ = {isa = PBXFileReference; fileEncoding = 4; lastKnownFileType = sourcecode.c.h; path = SnapEventListViewController.h; sourceTree = "<group>"; };
		49E714BB17582E17000442D4 /* SnapEventListViewController.m */ = {isa = PBXFileReference; fileEncoding = 4; lastKnownFileType = sourcecode.c.objc; path = SnapEventListViewController.m; sourceTree = "<group>"; };
		49E714BC17582E17000442D4 /* SnapEventPhotoListViewController.h */ = {isa = PBXFileReference; fileEncoding = 4; lastKnownFileType = sourcecode.c.h; path = SnapEventPhotoListViewController.h; sourceTree = "<group>"; };
		49E714BD17582E17000442D4 /* SnapEventPhotoListViewController.m */ = {isa = PBXFileReference; fileEncoding = 4; lastKnownFileType = sourcecode.c.objc; path = SnapEventPhotoListViewController.m; sourceTree = "<group>"; };
		49E714BE17582E17000442D4 /* SnapLoadingViewController.h */ = {isa = PBXFileReference; fileEncoding = 4; lastKnownFileType = sourcecode.c.h; path = SnapLoadingViewController.h; sourceTree = "<group>"; };
		49E714BF17582E17000442D4 /* SnapLoadingViewController.m */ = {isa = PBXFileReference; fileEncoding = 4; lastKnownFileType = sourcecode.c.objc; path = SnapLoadingViewController.m; sourceTree = "<group>"; };
		49E714C017582E17000442D4 /* SnapNavigationBar.h */ = {isa = PBXFileReference; fileEncoding = 4; lastKnownFileType = sourcecode.c.h; path = SnapNavigationBar.h; sourceTree = "<group>"; };
		49E714C117582E17000442D4 /* SnapNavigationBar.m */ = {isa = PBXFileReference; fileEncoding = 4; lastKnownFileType = sourcecode.c.objc; path = SnapNavigationBar.m; sourceTree = "<group>"; };
		49E714C217582E17000442D4 /* SnapPhotoShareViewController.h */ = {isa = PBXFileReference; fileEncoding = 4; lastKnownFileType = sourcecode.c.h; path = SnapPhotoShareViewController.h; sourceTree = "<group>"; };
		49E714C317582E17000442D4 /* SnapPhotoShareViewController.m */ = {isa = PBXFileReference; fileEncoding = 4; lastKnownFileType = sourcecode.c.objc; path = SnapPhotoShareViewController.m; sourceTree = "<group>"; };
		49E714C517582E17000442D4 /* SnapApiClient.h */ = {isa = PBXFileReference; fileEncoding = 4; lastKnownFileType = sourcecode.c.h; path = SnapApiClient.h; sourceTree = "<group>"; };
		49E714C617582E17000442D4 /* SnapApiClient.m */ = {isa = PBXFileReference; fileEncoding = 4; lastKnownFileType = sourcecode.c.objc; path = SnapApiClient.m; sourceTree = "<group>"; };
		49E714C717582E17000442D4 /* SnapCamera.h */ = {isa = PBXFileReference; fileEncoding = 4; lastKnownFileType = sourcecode.c.h; path = SnapCamera.h; sourceTree = "<group>"; };
		49E714C817582E17000442D4 /* SnapCamera.m */ = {isa = PBXFileReference; fileEncoding = 4; lastKnownFileType = sourcecode.c.objc; path = SnapCamera.m; sourceTree = "<group>"; };
		49E714C917582E17000442D4 /* SnapCL.h */ = {isa = PBXFileReference; fileEncoding = 4; lastKnownFileType = sourcecode.c.h; path = SnapCL.h; sourceTree = "<group>"; };
		49E714CA17582E17000442D4 /* SnapCL.m */ = {isa = PBXFileReference; fileEncoding = 4; lastKnownFileType = sourcecode.c.objc; path = SnapCL.m; sourceTree = "<group>"; };
		49E714CB17582E17000442D4 /* SnapCrypto.h */ = {isa = PBXFileReference; fileEncoding = 4; lastKnownFileType = sourcecode.c.h; path = SnapCrypto.h; sourceTree = "<group>"; };
		49E714CC17582E17000442D4 /* SnapCrypto.m */ = {isa = PBXFileReference; fileEncoding = 4; lastKnownFileType = sourcecode.c.objc; path = SnapCrypto.m; sourceTree = "<group>"; };
		49E714CE17582E17000442D4 /* SnapEvent.h */ = {isa = PBXFileReference; fileEncoding = 4; lastKnownFileType = sourcecode.c.h; path = SnapEvent.h; sourceTree = "<group>"; };
		49E714CF17582E17000442D4 /* SnapEvent.m */ = {isa = PBXFileReference; fileEncoding = 4; lastKnownFileType = sourcecode.c.objc; path = SnapEvent.m; sourceTree = "<group>"; };
		49E714D017582E17000442D4 /* SnapGuest.h */ = {isa = PBXFileReference; fileEncoding = 4; lastKnownFileType = sourcecode.c.h; path = SnapGuest.h; sourceTree = "<group>"; };
		49E714D117582E17000442D4 /* SnapGuest.m */ = {isa = PBXFileReference; fileEncoding = 4; lastKnownFileType = sourcecode.c.objc; path = SnapGuest.m; sourceTree = "<group>"; };
		49E714D217582E17000442D4 /* SnapPhoto.h */ = {isa = PBXFileReference; fileEncoding = 4; lastKnownFileType = sourcecode.c.h; path = SnapPhoto.h; sourceTree = "<group>"; };
		49E714D317582E17000442D4 /* SnapPhoto.m */ = {isa = PBXFileReference; fileEncoding = 4; lastKnownFileType = sourcecode.c.objc; path = SnapPhoto.m; sourceTree = "<group>"; };
		49E714D417582E17000442D4 /* SnapUser.h */ = {isa = PBXFileReference; fileEncoding = 4; lastKnownFileType = sourcecode.c.h; path = SnapUser.h; sourceTree = "<group>"; };
		49E714D517582E17000442D4 /* SnapUser.m */ = {isa = PBXFileReference; fileEncoding = 4; lastKnownFileType = sourcecode.c.objc; path = SnapUser.m; sourceTree = "<group>"; };
		49E714D717582E17000442D4 /* SnapEventListCell.h */ = {isa = PBXFileReference; fileEncoding = 4; lastKnownFileType = sourcecode.c.h; path = SnapEventListCell.h; sourceTree = "<group>"; };
		49E714D817582E17000442D4 /* SnapEventListCell.m */ = {isa = PBXFileReference; fileEncoding = 4; lastKnownFileType = sourcecode.c.objc; path = SnapEventListCell.m; sourceTree = "<group>"; };
		49E714D917582E17000442D4 /* SnapEventPhotoListCell.h */ = {isa = PBXFileReference; fileEncoding = 4; lastKnownFileType = sourcecode.c.h; path = SnapEventPhotoListCell.h; sourceTree = "<group>"; };
		49E714DA17582E17000442D4 /* SnapEventPhotoListCell.m */ = {isa = PBXFileReference; fileEncoding = 4; lastKnownFileType = sourcecode.c.objc; path = SnapEventPhotoListCell.m; sourceTree = "<group>"; };
		49E7150917582E17000442D4 /* CameraOverlay.xib */ = {isa = PBXFileReference; fileEncoding = 4; lastKnownFileType = file.xib; path = CameraOverlay.xib; sourceTree = "<group>"; };
		49E7150A17582E17000442D4 /* EventPhotoListHeader.xib */ = {isa = PBXFileReference; fileEncoding = 4; lastKnownFileType = file.xib; path = EventPhotoListHeader.xib; sourceTree = "<group>"; };
		49E7150B17582E17000442D4 /* Ottawa.gpx */ = {isa = PBXFileReference; fileEncoding = 4; lastKnownFileType = text.xml; path = Ottawa.gpx; sourceTree = "<group>"; };
		49E7150C17582E17000442D4 /* Snapable-Info.plist */ = {isa = PBXFileReference; fileEncoding = 4; lastKnownFileType = text.plist.xml; path = "Snapable-Info.plist"; sourceTree = "<group>"; };
		49E7150D17582E17000442D4 /* Snapable-Prefix.pch */ = {isa = PBXFileReference; fileEncoding = 4; lastKnownFileType = sourcecode.c.h; path = "Snapable-Prefix.pch"; sourceTree = "<group>"; };
		49E7151217582E17000442D4 /* en */ = {isa = PBXFileReference; lastKnownFileType = text.plist.strings; name = en; path = en.lproj/InfoPlist.strings; sourceTree = "<group>"; };
		49E7151317582E17000442D4 /* main.m */ = {isa = PBXFileReference; fileEncoding = 4; lastKnownFileType = sourcecode.c.objc; path = main.m; sourceTree = "<group>"; };
		49E7158A17582F18000442D4 /* MobileCoreServices.framework */ = {isa = PBXFileReference; lastKnownFileType = wrapper.framework; name = MobileCoreServices.framework; path = System/Library/Frameworks/MobileCoreServices.framework; sourceTree = SDKROOT; };
		49E7158C17582F32000442D4 /* SystemConfiguration.framework */ = {isa = PBXFileReference; lastKnownFileType = wrapper.framework; name = SystemConfiguration.framework; path = System/Library/Frameworks/SystemConfiguration.framework; sourceTree = SDKROOT; };
		49E7158E1758313C000442D4 /* CoreLocation.framework */ = {isa = PBXFileReference; lastKnownFileType = wrapper.framework; name = CoreLocation.framework; path = System/Library/Frameworks/CoreLocation.framework; sourceTree = SDKROOT; };
		49E715901758462E000442D4 /* CoreData.framework */ = {isa = PBXFileReference; lastKnownFileType = wrapper.framework; name = CoreData.framework; path = System/Library/Frameworks/CoreData.framework; sourceTree = SDKROOT; };
		49F3F6EE17DD4A9D003A8D76 /* Default-568h@2x.png */ = {isa = PBXFileReference; lastKnownFileType = image.png; path = "Default-568h@2x.png"; sourceTree = "<group>"; };
		49F3F6EF17DD4A9D003A8D76 /* Default.png */ = {isa = PBXFileReference; lastKnownFileType = image.png; path = Default.png; sourceTree = "<group>"; };
		49F3F6F017DD4A9D003A8D76 /* Default@2x.png */ = {isa = PBXFileReference; lastKnownFileType = image.png; path = "Default@2x.png"; sourceTree = "<group>"; };
		49F3F6F217DD4A9D003A8D76 /* Icon-72.png */ = {isa = PBXFileReference; lastKnownFileType = image.png; path = "Icon-72.png"; sourceTree = "<group>"; };
		49F3F6F317DD4A9D003A8D76 /* Icon-72@2x.png */ = {isa = PBXFileReference; lastKnownFileType = image.png; path = "Icon-72@2x.png"; sourceTree = "<group>"; };
		49F3F6F417DD4A9D003A8D76 /* Icon-Small-50.png */ = {isa = PBXFileReference; lastKnownFileType = image.png; path = "Icon-Small-50.png"; sourceTree = "<group>"; };
		49F3F6F517DD4A9D003A8D76 /* Icon-Small-50@2x.png */ = {isa = PBXFileReference; lastKnownFileType = image.png; path = "Icon-Small-50@2x.png"; sourceTree = "<group>"; };
		49F3F6F617DD4A9D003A8D76 /* Icon-Small.png */ = {isa = PBXFileReference; lastKnownFileType = image.png; path = "Icon-Small.png"; sourceTree = "<group>"; };
		49F3F6F717DD4A9D003A8D76 /* Icon-Small@2x.png */ = {isa = PBXFileReference; lastKnownFileType = image.png; path = "Icon-Small@2x.png"; sourceTree = "<group>"; };
		49F3F6F817DD4A9D003A8D76 /* Icon.png */ = {isa = PBXFileReference; lastKnownFileType = image.png; path = Icon.png; sourceTree = "<group>"; };
		49F3F6F917DD4A9D003A8D76 /* Icon@2x.png */ = {isa = PBXFileReference; lastKnownFileType = image.png; path = "Icon@2x.png"; sourceTree = "<group>"; };
		49F3F6FA17DD4A9D003A8D76 /* iTunesArtwork */ = {isa = PBXFileReference; lastKnownFileType = file; path = iTunesArtwork; sourceTree = "<group>"; };
		49F3F6FC17DD4A9D003A8D76 /* arrowBlue.png */ = {isa = PBXFileReference; lastKnownFileType = image.png; path = arrowBlue.png; sourceTree = "<group>"; };
		49F3F6FD17DD4A9D003A8D76 /* background.png */ = {isa = PBXFileReference; lastKnownFileType = image.png; path = background.png; sourceTree = "<group>"; };
		49F3F6FE17DD4A9D003A8D76 /* backgroundAuthentication.png */ = {isa = PBXFileReference; lastKnownFileType = image.png; path = backgroundAuthentication.png; sourceTree = "<group>"; };
		49F3F6FF17DD4A9D003A8D76 /* backgroundAuthenticationPIN.png */ = {isa = PBXFileReference; lastKnownFileType = image.png; path = backgroundAuthenticationPIN.png; sourceTree = "<group>"; };
		49F3F70017DD4A9D003A8D76 /* backgroundBlueButton.png */ = {isa = PBXFileReference; lastKnownFileType = image.png; path = backgroundBlueButton.png; sourceTree = "<group>"; };
		49F3F70117DD4A9D003A8D76 /* backgroundGreenButton.png */ = {isa = PBXFileReference; lastKnownFileType = image.png; path = backgroundGreenButton.png; sourceTree = "<group>"; };
		49F3F70217DD4A9D003A8D76 /* backgroundOrangeButton.png */ = {isa = PBXFileReference; lastKnownFileType = image.png; path = backgroundOrangeButton.png; sourceTree = "<group>"; };
		49F3F70317DD4A9D003A8D76 /* backgroundPhoto.png */ = {isa = PBXFileReference; lastKnownFileType = image.png; path = backgroundPhoto.png; sourceTree = "<group>"; };
		49F3F70417DD4A9D003A8D76 /* blueArrow.png */ = {isa = PBXFileReference; lastKnownFileType = image.png; path = blueArrow.png; sourceTree = "<group>"; };
		49F3F70517DD4A9D003A8D76 /* buttonCamera.png */ = {isa = PBXFileReference; lastKnownFileType = image.png; path = buttonCamera.png; sourceTree = "<group>"; };
		49F3F70617DD4A9D003A8D76 /* eventListEventBackground.png */ = {isa = PBXFileReference; lastKnownFileType = image.png; path = eventListEventBackground.png; sourceTree = "<group>"; };
		49F3F70717DD4A9D003A8D76 /* eventListEventBackgroundHighlight.png */ = {isa = PBXFileReference; lastKnownFileType = image.png; path = eventListEventBackgroundHighlight.png; sourceTree = "<group>"; };
		49F3F70817DD4A9D003A8D76 /* eventPhotoBorder.png */ = {isa = PBXFileReference; lastKnownFileType = image.png; path = eventPhotoBorder.png; sourceTree = "<group>"; };
		49F3F70917DD4A9D003A8D76 /* navigationBarBackgroundImage.png */ = {isa = PBXFileReference; lastKnownFileType = image.png; path = navigationBarBackgroundImage.png; sourceTree = "<group>"; };
		49F3F70A17DD4A9D003A8D76 /* photoDefault.jpg */ = {isa = PBXFileReference; lastKnownFileType = image.jpeg; path = photoDefault.jpg; sourceTree = "<group>"; };
		49F3F70B17DD4A9D003A8D76 /* photoPickerButton.png */ = {isa = PBXFileReference; lastKnownFileType = image.png; path = photoPickerButton.png; sourceTree = "<group>"; };
		49F3F70D17DD4A9D003A8D76 /* photoUploadBackground.png */ = {isa = PBXFileReference; lastKnownFileType = image.png; path = photoUploadBackground.png; sourceTree = "<group>"; };
		49F3F71017DD4A9D003A8D76 /* shareUploadImageBG.png */ = {isa = PBXFileReference; lastKnownFileType = image.png; path = shareUploadImageBG.png; sourceTree = "<group>"; };
		49F3F71117DD4A9D003A8D76 /* shareUploadImageBGlrg.png */ = {isa = PBXFileReference; lastKnownFileType = image.png; path = shareUploadImageBGlrg.png; sourceTree = "<group>"; };
		49F3F71217DD4A9D003A8D76 /* teardrop.png */ = {isa = PBXFileReference; lastKnownFileType = image.png; path = teardrop.png; sourceTree = "<group>"; };
		49F3F71317DD4A9D003A8D76 /* uploadCancelButton.png */ = {isa = PBXFileReference; lastKnownFileType = image.png; path = uploadCancelButton.png; sourceTree = "<group>"; };
		6A88CA54A4C34E90AD207463 /* libPods.a */ = {isa = PBXFileReference; explicitFileType = archive.ar; includeInIndex = 0; path = libPods.a; sourceTree = BUILT_PRODUCTS_DIR; };
/* End PBXFileReference section */

/* Begin PBXFrameworksBuildPhase section */
		49E7142817582DA4000442D4 /* Frameworks */ = {
			isa = PBXFrameworksBuildPhase;
			buildActionMask = 2147483647;
			files = (
				49E715911758462E000442D4 /* CoreData.framework in Frameworks */,
				49D7E61E17C71CDF00CA89E9 /* Crashlytics.framework in Frameworks */,
				49E7158F1758313C000442D4 /* CoreLocation.framework in Frameworks */,
				49E7158D17582F32000442D4 /* SystemConfiguration.framework in Frameworks */,
				49E7158B17582F18000442D4 /* MobileCoreServices.framework in Frameworks */,
				49E7142F17582DA4000442D4 /* UIKit.framework in Frameworks */,
				49E7143117582DA4000442D4 /* Foundation.framework in Frameworks */,
				49E7143317582DA4000442D4 /* CoreGraphics.framework in Frameworks */,
				B7CD800CD51846368E7684AC /* libPods.a in Frameworks */,
			);
			runOnlyForDeploymentPostprocessing = 0;
		};
/* End PBXFrameworksBuildPhase section */

/* Begin PBXGroup section */
		49E7142217582DA4000442D4 = {
			isa = PBXGroup;
			children = (
				49E714B217582E17000442D4 /* Snapable */,
				49E7142D17582DA4000442D4 /* Frameworks */,
				49E7142C17582DA4000442D4 /* Products */,
				0F75F41D75244D15BF650259 /* Pods.xcconfig */,
			);
			sourceTree = "<group>";
		};
		49E7142C17582DA4000442D4 /* Products */ = {
			isa = PBXGroup;
			children = (
				49E7142B17582DA4000442D4 /* Snapable.app */,
			);
			name = Products;
			sourceTree = "<group>";
		};
		49E7142D17582DA4000442D4 /* Frameworks */ = {
			isa = PBXGroup;
			children = (
				49D7E61D17C71CDF00CA89E9 /* Crashlytics.framework */,
				49E715901758462E000442D4 /* CoreData.framework */,
				49E7158E1758313C000442D4 /* CoreLocation.framework */,
				49E7158C17582F32000442D4 /* SystemConfiguration.framework */,
				49E7158A17582F18000442D4 /* MobileCoreServices.framework */,
				49E7142E17582DA4000442D4 /* UIKit.framework */,
				49E7143017582DA4000442D4 /* Foundation.framework */,
				49E7143217582DA4000442D4 /* CoreGraphics.framework */,
				6A88CA54A4C34E90AD207463 /* libPods.a */,
			);
			name = Frameworks;
			sourceTree = "<group>";
		};
		49E714B217582E17000442D4 /* Snapable */ = {
			isa = PBXGroup;
			children = (
				49E714B317582E17000442D4 /* Classes */,
				49E714DB17582E17000442D4 /* Resources */,
				49E7150C17582E17000442D4 /* Snapable-Info.plist */,
				49E7150D17582E17000442D4 /* Snapable-Prefix.pch */,
				49E7150E17582E17000442D4 /* Storyboards */,
				49897C7E181D7BFC00F83173 /* Images.xcassets */,
				49E7151017582E17000442D4 /* Supporting Files */,
			);
			path = Snapable;
			sourceTree = "<group>";
		};
		49E714B317582E17000442D4 /* Classes */ = {
			isa = PBXGroup;
			children = (
				49E714B417582E17000442D4 /* AppDelegate */,
				49E714B717582E17000442D4 /* Controllers */,
				49E714C417582E17000442D4 /* Helpers */,
				49E714CD17582E17000442D4 /* Models */,
				49E714D617582E17000442D4 /* Views */,
			);
			path = Classes;
			sourceTree = "<group>";
		};
		49E714B417582E17000442D4 /* AppDelegate */ = {
			isa = PBXGroup;
			children = (
				49E714B517582E17000442D4 /* SnapAppDelegate.h */,
				49E714B617582E17000442D4 /* SnapAppDelegate.m */,
			);
			path = AppDelegate;
			sourceTree = "<group>";
		};
		49E714B717582E17000442D4 /* Controllers */ = {
			isa = PBXGroup;
			children = (
				49E714B817582E17000442D4 /* SnapEventListAuthViewController.h */,
				49E714B917582E17000442D4 /* SnapEventListAuthViewController.m */,
				49E714BA17582E17000442D4 /* SnapEventListViewController.h */,
				49E714BB17582E17000442D4 /* SnapEventListViewController.m */,
				49E714BC17582E17000442D4 /* SnapEventPhotoListViewController.h */,
				49E714BD17582E17000442D4 /* SnapEventPhotoListViewController.m */,
				49E714BE17582E17000442D4 /* SnapLoadingViewController.h */,
				49E714BF17582E17000442D4 /* SnapLoadingViewController.m */,
				49E714C017582E17000442D4 /* SnapNavigationBar.h */,
				49E714C117582E17000442D4 /* SnapNavigationBar.m */,
				49E714C217582E17000442D4 /* SnapPhotoShareViewController.h */,
				49E714C317582E17000442D4 /* SnapPhotoShareViewController.m */,
			);
			path = Controllers;
			sourceTree = "<group>";
		};
		49E714C417582E17000442D4 /* Helpers */ = {
			isa = PBXGroup;
			children = (
				49E714C517582E17000442D4 /* SnapApiClient.h */,
				49E714C617582E17000442D4 /* SnapApiClient.m */,
				49E714C717582E17000442D4 /* SnapCamera.h */,
				49E714C817582E17000442D4 /* SnapCamera.m */,
				49E714C917582E17000442D4 /* SnapCL.h */,
				49E714CA17582E17000442D4 /* SnapCL.m */,
				49E714CB17582E17000442D4 /* SnapCrypto.h */,
				49E714CC17582E17000442D4 /* SnapCrypto.m */,
				49059D8C17CA98E70084C15D /* SnapImagePicker.h */,
				49059D8D17CA98E70084C15D /* SnapImagePicker.m */,
			);
			path = Helpers;
			sourceTree = "<group>";
		};
		49E714CD17582E17000442D4 /* Models */ = {
			isa = PBXGroup;
			children = (
				49E714CE17582E17000442D4 /* SnapEvent.h */,
				49E714CF17582E17000442D4 /* SnapEvent.m */,
				49E714D017582E17000442D4 /* SnapGuest.h */,
				49E714D117582E17000442D4 /* SnapGuest.m */,
				49E714D217582E17000442D4 /* SnapPhoto.h */,
				49E714D317582E17000442D4 /* SnapPhoto.m */,
				49E714D417582E17000442D4 /* SnapUser.h */,
				49E714D517582E17000442D4 /* SnapUser.m */,
			);
			path = Models;
			sourceTree = "<group>";
		};
		49E714D617582E17000442D4 /* Views */ = {
			isa = PBXGroup;
			children = (
				49E714D717582E17000442D4 /* SnapEventListCell.h */,
				49E714D817582E17000442D4 /* SnapEventListCell.m */,
				49E714D917582E17000442D4 /* SnapEventPhotoListCell.h */,
				49E714DA17582E17000442D4 /* SnapEventPhotoListCell.m */,
			);
			path = Views;
			sourceTree = "<group>";
		};
		49E714DB17582E17000442D4 /* Resources */ = {
			isa = PBXGroup;
			children = (
				49E714DC17582E17000442D4 /* Images */,
				49E7150817582E17000442D4 /* NIBs */,
				49E7150B17582E17000442D4 /* Ottawa.gpx */,
			);
			path = Resources;
			sourceTree = "<group>";
		};
		49E714DC17582E17000442D4 /* Images */ = {
			isa = PBXGroup;
			children = (
				49F3F6ED17DD4A9D003A8D76 /* App */,
				49F3F6FB17DD4A9D003A8D76 /* Elements */,
			);
			path = Images;
			sourceTree = "<group>";
		};
		49E7150817582E17000442D4 /* NIBs */ = {
			isa = PBXGroup;
			children = (
				49E7150917582E17000442D4 /* CameraOverlay.xib */,
				49E7150A17582E17000442D4 /* EventPhotoListHeader.xib */,
			);
			path = NIBs;
			sourceTree = "<group>";
		};
		49E7150E17582E17000442D4 /* Storyboards */ = {
			isa = PBXGroup;
			children = (
				49CF3C301785D1F20013C5CA /* iPhoneStoryboard.storyboard */,
				49CF3C361785D58E0013C5CA /* iPadStoryboard.storyboard */,
			);
			path = Storyboards;
			sourceTree = "<group>";
		};
		49E7151017582E17000442D4 /* Supporting Files */ = {
			isa = PBXGroup;
			children = (
				49E7151117582E17000442D4 /* InfoPlist.strings */,
				49E7151317582E17000442D4 /* main.m */,
			);
			path = "Supporting Files";
			sourceTree = "<group>";
		};
		49F3F6ED17DD4A9D003A8D76 /* App */ = {
			isa = PBXGroup;
			children = (
				49F3F6EE17DD4A9D003A8D76 /* Default-568h@2x.png */,
				49F3F6EF17DD4A9D003A8D76 /* Default.png */,
				49F3F6F017DD4A9D003A8D76 /* Default@2x.png */,
				49F3F6F117DD4A9D003A8D76 /* Icon */,
			);
			path = App;
			sourceTree = "<group>";
		};
		49F3F6F117DD4A9D003A8D76 /* Icon */ = {
			isa = PBXGroup;
			children = (
				49F3F6F217DD4A9D003A8D76 /* Icon-72.png */,
				49F3F6F317DD4A9D003A8D76 /* Icon-72@2x.png */,
				49F3F6F417DD4A9D003A8D76 /* Icon-Small-50.png */,
				49F3F6F517DD4A9D003A8D76 /* Icon-Small-50@2x.png */,
				49F3F6F617DD4A9D003A8D76 /* Icon-Small.png */,
				49F3F6F717DD4A9D003A8D76 /* Icon-Small@2x.png */,
				49F3F6F817DD4A9D003A8D76 /* Icon.png */,
				49F3F6F917DD4A9D003A8D76 /* Icon@2x.png */,
				49F3F6FA17DD4A9D003A8D76 /* iTunesArtwork */,
			);
			path = Icon;
			sourceTree = "<group>";
		};
		49F3F6FB17DD4A9D003A8D76 /* Elements */ = {
			isa = PBXGroup;
			children = (
				49F3F6FC17DD4A9D003A8D76 /* arrowBlue.png */,
				49F3F6FD17DD4A9D003A8D76 /* background.png */,
				49F3F6FE17DD4A9D003A8D76 /* backgroundAuthentication.png */,
				49F3F6FF17DD4A9D003A8D76 /* backgroundAuthenticationPIN.png */,
				49F3F70017DD4A9D003A8D76 /* backgroundBlueButton.png */,
				49F3F70117DD4A9D003A8D76 /* backgroundGreenButton.png */,
				49F3F70217DD4A9D003A8D76 /* backgroundOrangeButton.png */,
				49F3F70317DD4A9D003A8D76 /* backgroundPhoto.png */,
				49F3F70417DD4A9D003A8D76 /* blueArrow.png */,
				49F3F70517DD4A9D003A8D76 /* buttonCamera.png */,
				49F3F70617DD4A9D003A8D76 /* eventListEventBackground.png */,
				49F3F70717DD4A9D003A8D76 /* eventListEventBackgroundHighlight.png */,
				49F3F70817DD4A9D003A8D76 /* eventPhotoBorder.png */,
				49F3F70917DD4A9D003A8D76 /* navigationBarBackgroundImage.png */,
				49F3F70A17DD4A9D003A8D76 /* photoDefault.jpg */,
				49F3F70B17DD4A9D003A8D76 /* photoPickerButton.png */,
				49F3F70D17DD4A9D003A8D76 /* photoUploadBackground.png */,
				49F3F71017DD4A9D003A8D76 /* shareUploadImageBG.png */,
				49F3F71117DD4A9D003A8D76 /* shareUploadImageBGlrg.png */,
				49F3F71217DD4A9D003A8D76 /* teardrop.png */,
				49F3F71317DD4A9D003A8D76 /* uploadCancelButton.png */,
			);
			path = Elements;
			sourceTree = "<group>";
		};
/* End PBXGroup section */

/* Begin PBXNativeTarget section */
		49E7142A17582DA4000442D4 /* Snapable */ = {
			isa = PBXNativeTarget;
			buildConfigurationList = 49E7144817582DA4000442D4 /* Build configuration list for PBXNativeTarget "Snapable" */;
			buildPhases = (
				10CAD6C931BD4DE2937D3E0A /* Check Pods Manifest.lock */,
				49E7142717582DA4000442D4 /* Sources */,
				49E7142817582DA4000442D4 /* Frameworks */,
				49E7142917582DA4000442D4 /* Resources */,
				386CFBC16C4843E986A89C73 /* Copy Pods Resources */,
				49D7E61C17C71C8200CA89E9 /* Crashlytics */,
			);
			buildRules = (
			);
			dependencies = (
			);
			name = Snapable;
			productName = Snapable;
			productReference = 49E7142B17582DA4000442D4 /* Snapable.app */;
			productType = "com.apple.product-type.application";
		};
/* End PBXNativeTarget section */

/* Begin PBXProject section */
		49E7142317582DA4000442D4 /* Project object */ = {
			isa = PBXProject;
			attributes = {
				CLASSPREFIX = Snap;
				LastUpgradeCheck = 0460;
				ORGANIZATIONNAME = Snapable;
			};
			buildConfigurationList = 49E7142617582DA4000442D4 /* Build configuration list for PBXProject "Snapable" */;
			compatibilityVersion = "Xcode 3.2";
			developmentRegion = English;
			hasScannedForEncodings = 0;
			knownRegions = (
				en,
			);
			mainGroup = 49E7142217582DA4000442D4;
			productRefGroup = 49E7142C17582DA4000442D4 /* Products */;
			projectDirPath = "";
			projectRoot = "";
			targets = (
				49E7142A17582DA4000442D4 /* Snapable */,
			);
		};
/* End PBXProject section */

/* Begin PBXResourcesBuildPhase section */
		49E7142917582DA4000442D4 /* Resources */ = {
			isa = PBXResourcesBuildPhase;
			buildActionMask = 2147483647;
			files = (
				49F3F73617DD4A9D003A8D76 /* teardrop.png in Resources */,
				49F3F71617DD4A9D003A8D76 /* Default@2x.png in Resources */,
				49F3F73117DD4A9D003A8D76 /* photoUploadBackground.png in Resources */,
				49897C7F181D7BFC00F83173 /* Images.xcassets in Resources */,
				49F3F71E17DD4A9D003A8D76 /* Icon@2x.png in Resources */,
				49E7155017582E17000442D4 /* CameraOverlay.xib in Resources */,
				49F3F72217DD4A9D003A8D76 /* backgroundAuthentication.png in Resources */,
				49F3F73417DD4A9D003A8D76 /* shareUploadImageBG.png in Resources */,
				49F3F72017DD4A9D003A8D76 /* arrowBlue.png in Resources */,
				49F3F72917DD4A9D003A8D76 /* buttonCamera.png in Resources */,
				49F3F71917DD4A9D003A8D76 /* Icon-Small-50.png in Resources */,
				49F3F72C17DD4A9D003A8D76 /* eventPhotoBorder.png in Resources */,
				49F3F72A17DD4A9D003A8D76 /* eventListEventBackground.png in Resources */,
				49F3F71B17DD4A9D003A8D76 /* Icon-Small.png in Resources */,
				49F3F72417DD4A9D003A8D76 /* backgroundBlueButton.png in Resources */,
				49F3F71817DD4A9D003A8D76 /* Icon-72@2x.png in Resources */,
				49F3F71717DD4A9D003A8D76 /* Icon-72.png in Resources */,
				49E7155117582E17000442D4 /* EventPhotoListHeader.xib in Resources */,
				49F3F72E17DD4A9D003A8D76 /* photoDefault.jpg in Resources */,
				49F3F71A17DD4A9D003A8D76 /* Icon-Small-50@2x.png in Resources */,
				49E7155517582E17000442D4 /* InfoPlist.strings in Resources */,
				49F3F72617DD4A9D003A8D76 /* backgroundOrangeButton.png in Resources */,
				49F3F72117DD4A9D003A8D76 /* background.png in Resources */,
				49F3F72F17DD4A9D003A8D76 /* photoPickerButton.png in Resources */,
				49CF3C311785D1F20013C5CA /* iPhoneStoryboard.storyboard in Resources */,
				49F3F71517DD4A9D003A8D76 /* Default.png in Resources */,
				49CF3C371785D58E0013C5CA /* iPadStoryboard.storyboard in Resources */,
				49F3F71D17DD4A9D003A8D76 /* Icon.png in Resources */,
				49F3F72B17DD4A9D003A8D76 /* eventListEventBackgroundHighlight.png in Resources */,
				49F3F71417DD4A9D003A8D76 /* Default-568h@2x.png in Resources */,
				49F3F71C17DD4A9D003A8D76 /* Icon-Small@2x.png in Resources */,
				49F3F72D17DD4A9D003A8D76 /* navigationBarBackgroundImage.png in Resources */,
				49F3F73717DD4A9D003A8D76 /* uploadCancelButton.png in Resources */,
				49F3F72717DD4A9D003A8D76 /* backgroundPhoto.png in Resources */,
				49F3F72317DD4A9D003A8D76 /* backgroundAuthenticationPIN.png in Resources */,
				49F3F72817DD4A9D003A8D76 /* blueArrow.png in Resources */,
				49F3F73517DD4A9D003A8D76 /* shareUploadImageBGlrg.png in Resources */,
				49F3F72517DD4A9D003A8D76 /* backgroundGreenButton.png in Resources */,
				49F3F71F17DD4A9D003A8D76 /* iTunesArtwork in Resources */,
			);
			runOnlyForDeploymentPostprocessing = 0;
		};
/* End PBXResourcesBuildPhase section */

/* Begin PBXShellScriptBuildPhase section */
		10CAD6C931BD4DE2937D3E0A /* Check Pods Manifest.lock */ = {
			isa = PBXShellScriptBuildPhase;
			buildActionMask = 2147483647;
			files = (
			);
			inputPaths = (
			);
			name = "Check Pods Manifest.lock";
			outputPaths = (
			);
			runOnlyForDeploymentPostprocessing = 0;
			shellPath = /bin/sh;
			shellScript = "diff \"${PODS_ROOT}/../Podfile.lock\" \"${PODS_ROOT}/Manifest.lock\" > /dev/null\nif [[ $? != 0 ]] ; then\n    cat << EOM\nerror: The sandbox is not in sync with the Podfile.lock. Run 'pod install' or update your CocoaPods installation.\nEOM\n    exit 1\nfi\n";
		};
		386CFBC16C4843E986A89C73 /* Copy Pods Resources */ = {
			isa = PBXShellScriptBuildPhase;
			buildActionMask = 2147483647;
			files = (
			);
			inputPaths = (
			);
			name = "Copy Pods Resources";
			outputPaths = (
			);
			runOnlyForDeploymentPostprocessing = 0;
			shellPath = /bin/sh;
			shellScript = "\"${SRCROOT}/Pods/Pods-resources.sh\"\n";
		};
		49D7E61C17C71C8200CA89E9 /* Crashlytics */ = {
			isa = PBXShellScriptBuildPhase;
			buildActionMask = 2147483647;
			files = (
			);
			inputPaths = (
			);
			name = Crashlytics;
			outputPaths = (
			);
			runOnlyForDeploymentPostprocessing = 0;
			shellPath = /bin/sh;
			shellScript = "./Crashlytics.framework/run 720497953609e6695431b598443025911fbfa2d7";
		};
/* End PBXShellScriptBuildPhase section */

/* Begin PBXSourcesBuildPhase section */
		49E7142717582DA4000442D4 /* Sources */ = {
			isa = PBXSourcesBuildPhase;
			buildActionMask = 2147483647;
			files = (
				49E7151417582E17000442D4 /* SnapAppDelegate.m in Sources */,
				49E7151517582E17000442D4 /* SnapEventListAuthViewController.m in Sources */,
				49E7151617582E17000442D4 /* SnapEventListViewController.m in Sources */,
				49059D8E17CA98E70084C15D /* SnapImagePicker.m in Sources */,
				49E7151717582E17000442D4 /* SnapEventPhotoListViewController.m in Sources */,
				49E7151817582E17000442D4 /* SnapLoadingViewController.m in Sources */,
				49E7151917582E17000442D4 /* SnapNavigationBar.m in Sources */,
				49E7151A17582E17000442D4 /* SnapPhotoShareViewController.m in Sources */,
				49E7151B17582E17000442D4 /* SnapApiClient.m in Sources */,
				49E7151C17582E17000442D4 /* SnapCamera.m in Sources */,
				49E7151D17582E17000442D4 /* SnapCL.m in Sources */,
				49E7151E17582E17000442D4 /* SnapCrypto.m in Sources */,
				49E7151F17582E17000442D4 /* SnapEvent.m in Sources */,
				49E7152017582E17000442D4 /* SnapGuest.m in Sources */,
				49E7152117582E17000442D4 /* SnapPhoto.m in Sources */,
				49E7152217582E17000442D4 /* SnapUser.m in Sources */,
				49E7152317582E17000442D4 /* SnapEventListCell.m in Sources */,
				49E7152417582E17000442D4 /* SnapEventPhotoListCell.m in Sources */,
				49E7155617582E17000442D4 /* main.m in Sources */,
			);
			runOnlyForDeploymentPostprocessing = 0;
		};
/* End PBXSourcesBuildPhase section */

/* Begin PBXVariantGroup section */
		49E7151117582E17000442D4 /* InfoPlist.strings */ = {
			isa = PBXVariantGroup;
			children = (
				49E7151217582E17000442D4 /* en */,
			);
			name = InfoPlist.strings;
			sourceTree = "<group>";
		};
/* End PBXVariantGroup section */

/* Begin XCBuildConfiguration section */
		49E7144617582DA4000442D4 /* Debug */ = {
			isa = XCBuildConfiguration;
			buildSettings = {
				ALWAYS_SEARCH_USER_PATHS = NO;
				CLANG_CXX_LANGUAGE_STANDARD = "gnu++0x";
				CLANG_CXX_LIBRARY = "libc++";
				CLANG_ENABLE_OBJC_ARC = YES;
				CLANG_WARN_CONSTANT_CONVERSION = YES;
				CLANG_WARN_EMPTY_BODY = YES;
				CLANG_WARN_ENUM_CONVERSION = YES;
				CLANG_WARN_INT_CONVERSION = YES;
				CLANG_WARN__DUPLICATE_METHOD_MATCH = YES;
				"CODE_SIGN_IDENTITY[sdk=iphoneos*]" = "iPhone Developer";
				COPY_PHASE_STRIP = NO;
				GCC_C_LANGUAGE_STANDARD = gnu99;
				GCC_DYNAMIC_NO_PIC = NO;
				GCC_OPTIMIZATION_LEVEL = 0;
				GCC_PREPROCESSOR_DEFINITIONS = (
					"DEBUG=1",
					"$(inherited)",
				);
				GCC_SYMBOLS_PRIVATE_EXTERN = NO;
				GCC_WARN_ABOUT_RETURN_TYPE = YES;
				GCC_WARN_UNINITIALIZED_AUTOS = YES;
				GCC_WARN_UNUSED_VARIABLE = YES;
				IPHONEOS_DEPLOYMENT_TARGET = 6.1;
				ONLY_ACTIVE_ARCH = YES;
				SDKROOT = iphoneos;
			};
			name = Debug;
		};
		49E7144717582DA4000442D4 /* Release */ = {
			isa = XCBuildConfiguration;
			buildSettings = {
				ALWAYS_SEARCH_USER_PATHS = NO;
				CLANG_CXX_LANGUAGE_STANDARD = "gnu++0x";
				CLANG_CXX_LIBRARY = "libc++";
				CLANG_ENABLE_OBJC_ARC = YES;
				CLANG_WARN_CONSTANT_CONVERSION = YES;
				CLANG_WARN_EMPTY_BODY = YES;
				CLANG_WARN_ENUM_CONVERSION = YES;
				CLANG_WARN_INT_CONVERSION = YES;
				CLANG_WARN__DUPLICATE_METHOD_MATCH = YES;
				CODE_SIGN_IDENTITY = "iPhone Distribution";
				"CODE_SIGN_IDENTITY[sdk=iphoneos*]" = "iPhone Distribution";
				COPY_PHASE_STRIP = YES;
				GCC_C_LANGUAGE_STANDARD = gnu99;
				GCC_WARN_ABOUT_RETURN_TYPE = YES;
				GCC_WARN_UNINITIALIZED_AUTOS = YES;
				GCC_WARN_UNUSED_VARIABLE = YES;
				IPHONEOS_DEPLOYMENT_TARGET = 6.1;
				OTHER_CFLAGS = "-DNS_BLOCK_ASSERTIONS=1";
				PROVISIONING_PROFILE = "";
				"PROVISIONING_PROFILE[sdk=iphoneos*]" = "";
				SDKROOT = iphoneos;
				VALIDATE_PRODUCT = YES;
			};
			name = Release;
		};
		49E7144917582DA4000442D4 /* Debug */ = {
			isa = XCBuildConfiguration;
			baseConfigurationReference = 0F75F41D75244D15BF650259 /* Pods.xcconfig */;
			buildSettings = {
				ASSETCATALOG_COMPILER_APPICON_NAME = AppIcon;
				ASSETCATALOG_COMPILER_LAUNCHIMAGE_NAME = LaunchImage;
				CODE_SIGN_IDENTITY = "iPhone Developer";
				FRAMEWORK_SEARCH_PATHS = (
					"$(inherited)",
					/Users/marc/src/ios,
				);
				GCC_PRECOMPILE_PREFIX_HEADER = YES;
				GCC_PREFIX_HEADER = "Snapable/Snapable-Prefix.pch";
				INFOPLIST_FILE = "Snapable/Snapable-Info.plist";
				IPHONEOS_DEPLOYMENT_TARGET = 6.1;
				LIBRARY_SEARCH_PATHS = "$(inherited)";
				PRODUCT_NAME = "$(TARGET_NAME)";
				TARGETED_DEVICE_FAMILY = 1;
				WRAPPER_EXTENSION = app;
			};
			name = Debug;
		};
		49E7144A17582DA4000442D4 /* Release */ = {
			isa = XCBuildConfiguration;
			baseConfigurationReference = 0F75F41D75244D15BF650259 /* Pods.xcconfig */;
			buildSettings = {
				ASSETCATALOG_COMPILER_APPICON_NAME = AppIcon;
				ASSETCATALOG_COMPILER_LAUNCHIMAGE_NAME = LaunchImage;
				CODE_SIGN_IDENTITY = "iPhone Distribution";
				"CODE_SIGN_IDENTITY[sdk=iphoneos*]" = "iPhone Distribution";
				FRAMEWORK_SEARCH_PATHS = (
					"$(inherited)",
					/Users/marc/src/ios,
				);
				GCC_PRECOMPILE_PREFIX_HEADER = YES;
				GCC_PREFIX_HEADER = "Snapable/Snapable-Prefix.pch";
				INFOPLIST_FILE = "Snapable/Snapable-Info.plist";
				IPHONEOS_DEPLOYMENT_TARGET = 6.1;
				LIBRARY_SEARCH_PATHS = "$(inherited)";
				PRODUCT_NAME = "$(TARGET_NAME)";
				PROVISIONING_PROFILE = "";
				"PROVISIONING_PROFILE[sdk=iphoneos*]" = "";
				TARGETED_DEVICE_FAMILY = 1;
				WRAPPER_EXTENSION = app;
			};
			name = Release;
		};
/* End XCBuildConfiguration section */

/* Begin XCConfigurationList section */
		49E7142617582DA4000442D4 /* Build configuration list for PBXProject "Snapable" */ = {
			isa = XCConfigurationList;
			buildConfigurations = (
				49E7144617582DA4000442D4 /* Debug */,
				49E7144717582DA4000442D4 /* Release */,
			);
			defaultConfigurationIsVisible = 0;
			defaultConfigurationName = Release;
		};
		49E7144817582DA4000442D4 /* Build configuration list for PBXNativeTarget "Snapable" */ = {
			isa = XCConfigurationList;
			buildConfigurations = (
				49E7144917582DA4000442D4 /* Debug */,
				49E7144A17582DA4000442D4 /* Release */,
			);
			defaultConfigurationIsVisible = 0;
			defaultConfigurationName = Release;
		};
/* End XCConfigurationList section */
	};
	rootObject = 49E7142317582DA4000442D4 /* Project object */;
}
