// !$*UTF8*$!
{
	archiveVersion = 1;
	classes = {
	};
	objectVersion = 46;
	objects = {

/* Begin PBXBuildFile section */
		490985C415C834FB00EB1969 /* Default.png in Resources */ = {isa = PBXBuildFile; fileRef = 490985C215C834FB00EB1969 /* Default.png */; };
		490985C515C834FB00EB1969 /* Default@2x.png in Resources */ = {isa = PBXBuildFile; fileRef = 490985C315C834FB00EB1969 /* Default@2x.png */; };
		4925163D15C8E14400A776C7 /* SnapAppDelegate.m in Sources */ = {isa = PBXBuildFile; fileRef = 4925163C15C8E14400A776C7 /* SnapAppDelegate.m */; };
		4925164015C8E1AF00A776C7 /* MainViewController.m in Sources */ = {isa = PBXBuildFile; fileRef = 4925163F15C8E1AF00A776C7 /* MainViewController.m */; };
		49516A6915C84A6B00B9579A /* libRestKit.a in Frameworks */ = {isa = PBXBuildFile; fileRef = 49516A5C15C8495300B9579A /* libRestKit.a */; settings = {ATTRIBUTES = (Required, ); }; };
		49516A7415C84BA300B9579A /* CFNetwork.framework in Frameworks */ = {isa = PBXBuildFile; fileRef = 49516A7215C84B2700B9579A /* CFNetwork.framework */; };
		49516A7B15C84BA300B9579A /* CoreData.framework in Frameworks */ = {isa = PBXBuildFile; fileRef = 49516A7515C84BA300B9579A /* CoreData.framework */; };
		49516A7C15C84BA300B9579A /* libxml2.dylib in Frameworks */ = {isa = PBXBuildFile; fileRef = 49516A7615C84BA300B9579A /* libxml2.dylib */; };
		49516A7D15C84BA300B9579A /* MobileCoreServices.framework in Frameworks */ = {isa = PBXBuildFile; fileRef = 49516A7715C84BA300B9579A /* MobileCoreServices.framework */; };
		49516A7E15C84BA300B9579A /* QuartzCore.framework in Frameworks */ = {isa = PBXBuildFile; fileRef = 49516A7815C84BA300B9579A /* QuartzCore.framework */; };
		49516A7F15C84BA300B9579A /* Security.framework in Frameworks */ = {isa = PBXBuildFile; fileRef = 49516A7915C84BA300B9579A /* Security.framework */; };
		49516A8015C84BA300B9579A /* SystemConfiguration.framework in Frameworks */ = {isa = PBXBuildFile; fileRef = 49516A7A15C84BA300B9579A /* SystemConfiguration.framework */; };
		49516A8215C8D34B00B9579A /* MainStoryboard.storyboard in Resources */ = {isa = PBXBuildFile; fileRef = 49516A8115C8D34B00B9579A /* MainStoryboard.storyboard */; };
		498513F415C7966000EB6A77 /* InfoPlist.strings in Resources */ = {isa = PBXBuildFile; fileRef = 498513F115C7966000EB6A77 /* InfoPlist.strings */; };
		498513F515C7966000EB6A77 /* main.m in Sources */ = {isa = PBXBuildFile; fileRef = 498513F315C7966000EB6A77 /* main.m */; };
		498513FD15C7977900EB6A77 /* Icon-72.png in Resources */ = {isa = PBXBuildFile; fileRef = 498513F615C7977900EB6A77 /* Icon-72.png */; };
		498513FE15C7977900EB6A77 /* Icon-Small-50.png in Resources */ = {isa = PBXBuildFile; fileRef = 498513F715C7977900EB6A77 /* Icon-Small-50.png */; };
		498513FF15C7977900EB6A77 /* Icon-Small.png in Resources */ = {isa = PBXBuildFile; fileRef = 498513F815C7977900EB6A77 /* Icon-Small.png */; };
		4985140015C7977900EB6A77 /* Icon-Small@2x.png in Resources */ = {isa = PBXBuildFile; fileRef = 498513F915C7977900EB6A77 /* Icon-Small@2x.png */; };
		4985140115C7977900EB6A77 /* Icon.png in Resources */ = {isa = PBXBuildFile; fileRef = 498513FA15C7977900EB6A77 /* Icon.png */; };
		4985140215C7977900EB6A77 /* Icon@2x.png in Resources */ = {isa = PBXBuildFile; fileRef = 498513FB15C7977900EB6A77 /* Icon@2x.png */; };
		4985140315C7977900EB6A77 /* iTunesArtwork in Resources */ = {isa = PBXBuildFile; fileRef = 498513FC15C7977900EB6A77 /* iTunesArtwork */; };
		49BCC2AE15C6F3C100E90CB4 /* UIKit.framework in Frameworks */ = {isa = PBXBuildFile; fileRef = 49BCC2AD15C6F3C100E90CB4 /* UIKit.framework */; };
		49BCC2B015C6F3C100E90CB4 /* Foundation.framework in Frameworks */ = {isa = PBXBuildFile; fileRef = 49BCC2AF15C6F3C100E90CB4 /* Foundation.framework */; };
		49BCC2B215C6F3C100E90CB4 /* CoreGraphics.framework in Frameworks */ = {isa = PBXBuildFile; fileRef = 49BCC2B115C6F3C100E90CB4 /* CoreGraphics.framework */; };
		9802184315C98A2B000728EA /* screen1.png in Resources */ = {isa = PBXBuildFile; fileRef = 9802184215C98A2B000728EA /* screen1.png */; };
		9802184515CABC53000728EA /* navigationBarBackgroundImage.png in Resources */ = {isa = PBXBuildFile; fileRef = 9802184415CABC53000728EA /* navigationBarBackgroundImage.png */; };
		98571AAD15CAC92B0076BE97 /* SnapNavigationBar.m in Sources */ = {isa = PBXBuildFile; fileRef = 98571AAC15CAC92B0076BE97 /* SnapNavigationBar.m */; };
		98571AAF15CAD81E0076BE97 /* eventListBackgroundImage.png in Resources */ = {isa = PBXBuildFile; fileRef = 98571AAE15CAD81E0076BE97 /* eventListBackgroundImage.png */; };
		98571AB115CADA670076BE97 /* eventLrgPhotoHolder.png in Resources */ = {isa = PBXBuildFile; fileRef = 98571AB015CADA670076BE97 /* eventLrgPhotoHolder.png */; };
		98571AB315CADC5C0076BE97 /* FPOeventLrgPhoto.png in Resources */ = {isa = PBXBuildFile; fileRef = 98571AB215CADC5C0076BE97 /* FPOeventLrgPhoto.png */; };
		98571AB515CADDF60076BE97 /* eventLrgPhotoTxtOverlay.png in Resources */ = {isa = PBXBuildFile; fileRef = 98571AB415CADDF60076BE97 /* eventLrgPhotoTxtOverlay.png */; };
		98571AB715CAE1AF0076BE97 /* bigArrowCircle.png in Resources */ = {isa = PBXBuildFile; fileRef = 98571AB615CAE1AF0076BE97 /* bigArrowCircle.png */; };
		98571AB915CAE8D30076BE97 /* arrowBlue.png in Resources */ = {isa = PBXBuildFile; fileRef = 98571AB815CAE8D30076BE97 /* arrowBlue.png */; };
		98571ABB15CAF1B90076BE97 /* background.png in Resources */ = {isa = PBXBuildFile; fileRef = 98571ABA15CAF1B90076BE97 /* background.png */; };
		98571AC015CB067C0076BE97 /* FPOeventPhoto2.png in Resources */ = {isa = PBXBuildFile; fileRef = 98571ABC15CB067C0076BE97 /* FPOeventPhoto2.png */; };
		98571AC115CB067C0076BE97 /* FPOeventPhoto3.png in Resources */ = {isa = PBXBuildFile; fileRef = 98571ABD15CB067C0076BE97 /* FPOeventPhoto3.png */; };
		98571AC215CB067C0076BE97 /* FPOeventPhoto4.png in Resources */ = {isa = PBXBuildFile; fileRef = 98571ABE15CB067C0076BE97 /* FPOeventPhoto4.png */; };
		98571AC315CB067C0076BE97 /* FPOeventPhoto5.png in Resources */ = {isa = PBXBuildFile; fileRef = 98571ABF15CB067C0076BE97 /* FPOeventPhoto5.png */; };
		98571AC515CB06DD0076BE97 /* FPOeventPhoto6.png in Resources */ = {isa = PBXBuildFile; fileRef = 98571AC415CB06DD0076BE97 /* FPOeventPhoto6.png */; };
		98571AC715CB07B40076BE97 /* buttonCamera.png in Resources */ = {isa = PBXBuildFile; fileRef = 98571AC615CB07B40076BE97 /* buttonCamera.png */; };
		98571AC915CB08E60076BE97 /* buttonTransparent.png in Resources */ = {isa = PBXBuildFile; fileRef = 98571AC815CB08E60076BE97 /* buttonTransparent.png */; };
		98571ACB15CB0A150076BE97 /* backgroundPhoto.png in Resources */ = {isa = PBXBuildFile; fileRef = 98571ACA15CB0A150076BE97 /* backgroundPhoto.png */; };
		98571ACD15CB0F5C0076BE97 /* teardrop.png in Resources */ = {isa = PBXBuildFile; fileRef = 98571ACC15CB0F5C0076BE97 /* teardrop.png */; };
		98571AD315CB12370076BE97 /* FPOeventLrgPhoto2.png in Resources */ = {isa = PBXBuildFile; fileRef = 98571ACE15CB12370076BE97 /* FPOeventLrgPhoto2.png */; };
		98571AD415CB12370076BE97 /* FPOeventLrgPhoto3.png in Resources */ = {isa = PBXBuildFile; fileRef = 98571ACF15CB12370076BE97 /* FPOeventLrgPhoto3.png */; };
		98571AD515CB12370076BE97 /* FPOeventLrgPhoto4.png in Resources */ = {isa = PBXBuildFile; fileRef = 98571AD015CB12370076BE97 /* FPOeventLrgPhoto4.png */; };
		98571AD615CB12370076BE97 /* FPOeventLrgPhoto5.png in Resources */ = {isa = PBXBuildFile; fileRef = 98571AD115CB12370076BE97 /* FPOeventLrgPhoto5.png */; };
		98571AD715CB12370076BE97 /* FPOeventLrgPhoto6.png in Resources */ = {isa = PBXBuildFile; fileRef = 98571AD215CB12370076BE97 /* FPOeventLrgPhoto6.png */; };
/* End PBXBuildFile section */

/* Begin PBXContainerItemProxy section */
		49516A5B15C8495300B9579A /* PBXContainerItemProxy */ = {
			isa = PBXContainerItemProxy;
			containerPortal = 49516A5015C8495300B9579A /* RestKit.xcodeproj */;
			proxyType = 2;
			remoteGlobalIDString = 25160D1614564E810060A5C5;
			remoteInfo = RestKit;
		};
		49516A5D15C8495300B9579A /* PBXContainerItemProxy */ = {
			isa = PBXContainerItemProxy;
			containerPortal = 49516A5015C8495300B9579A /* RestKit.xcodeproj */;
			proxyType = 2;
			remoteGlobalIDString = 25160D2614564E820060A5C5;
			remoteInfo = RestKitTests;
		};
		49516A5F15C8495300B9579A /* PBXContainerItemProxy */ = {
			isa = PBXContainerItemProxy;
			containerPortal = 49516A5015C8495300B9579A /* RestKit.xcodeproj */;
			proxyType = 2;
			remoteGlobalIDString = 25160E62145651060060A5C5;
			remoteInfo = RestKitFramework;
		};
		49516A6115C8495300B9579A /* PBXContainerItemProxy */ = {
			isa = PBXContainerItemProxy;
			containerPortal = 49516A5015C8495300B9579A /* RestKit.xcodeproj */;
			proxyType = 2;
			remoteGlobalIDString = 25160E78145651060060A5C5;
			remoteInfo = RestKitFrameworkTests;
		};
		49516A6315C8495300B9579A /* PBXContainerItemProxy */ = {
			isa = PBXContainerItemProxy;
			containerPortal = 49516A5015C8495300B9579A /* RestKit.xcodeproj */;
			proxyType = 2;
			remoteGlobalIDString = 259C301615128079003066A2;
			remoteInfo = RestKitResources;
		};
		49516A6715C84A4600B9579A /* PBXContainerItemProxy */ = {
			isa = PBXContainerItemProxy;
			containerPortal = 49516A5015C8495300B9579A /* RestKit.xcodeproj */;
			proxyType = 1;
			remoteGlobalIDString = 25160D1514564E810060A5C5;
			remoteInfo = RestKit;
		};
/* End PBXContainerItemProxy section */

/* Begin PBXFileReference section */
		490985C215C834FB00EB1969 /* Default.png */ = {isa = PBXFileReference; lastKnownFileType = image.png; path = Default.png; sourceTree = "<group>"; };
		490985C315C834FB00EB1969 /* Default@2x.png */ = {isa = PBXFileReference; lastKnownFileType = image.png; path = "Default@2x.png"; sourceTree = "<group>"; };
		4925163B15C8E14400A776C7 /* SnapAppDelegate.h */ = {isa = PBXFileReference; fileEncoding = 4; lastKnownFileType = sourcecode.c.h; path = SnapAppDelegate.h; sourceTree = "<group>"; };
		4925163C15C8E14400A776C7 /* SnapAppDelegate.m */ = {isa = PBXFileReference; fileEncoding = 4; lastKnownFileType = sourcecode.c.objc; path = SnapAppDelegate.m; sourceTree = "<group>"; };
		4925163E15C8E1AF00A776C7 /* MainViewController.h */ = {isa = PBXFileReference; fileEncoding = 4; lastKnownFileType = sourcecode.c.h; path = MainViewController.h; sourceTree = "<group>"; };
		4925163F15C8E1AF00A776C7 /* MainViewController.m */ = {isa = PBXFileReference; fileEncoding = 4; lastKnownFileType = sourcecode.c.objc; path = MainViewController.m; sourceTree = "<group>"; };
		49516A5015C8495300B9579A /* RestKit.xcodeproj */ = {isa = PBXFileReference; lastKnownFileType = "wrapper.pb-project"; name = RestKit.xcodeproj; path = RestKit/RestKit.xcodeproj; sourceTree = "<group>"; };
		49516A7215C84B2700B9579A /* CFNetwork.framework */ = {isa = PBXFileReference; lastKnownFileType = wrapper.framework; name = CFNetwork.framework; path = System/Library/Frameworks/CFNetwork.framework; sourceTree = SDKROOT; };
		49516A7515C84BA300B9579A /* CoreData.framework */ = {isa = PBXFileReference; lastKnownFileType = wrapper.framework; name = CoreData.framework; path = System/Library/Frameworks/CoreData.framework; sourceTree = SDKROOT; };
		49516A7615C84BA300B9579A /* libxml2.dylib */ = {isa = PBXFileReference; lastKnownFileType = "compiled.mach-o.dylib"; name = libxml2.dylib; path = usr/lib/libxml2.dylib; sourceTree = SDKROOT; };
		49516A7715C84BA300B9579A /* MobileCoreServices.framework */ = {isa = PBXFileReference; lastKnownFileType = wrapper.framework; name = MobileCoreServices.framework; path = System/Library/Frameworks/MobileCoreServices.framework; sourceTree = SDKROOT; };
		49516A7815C84BA300B9579A /* QuartzCore.framework */ = {isa = PBXFileReference; lastKnownFileType = wrapper.framework; name = QuartzCore.framework; path = System/Library/Frameworks/QuartzCore.framework; sourceTree = SDKROOT; };
		49516A7915C84BA300B9579A /* Security.framework */ = {isa = PBXFileReference; lastKnownFileType = wrapper.framework; name = Security.framework; path = System/Library/Frameworks/Security.framework; sourceTree = SDKROOT; };
		49516A7A15C84BA300B9579A /* SystemConfiguration.framework */ = {isa = PBXFileReference; lastKnownFileType = wrapper.framework; name = SystemConfiguration.framework; path = System/Library/Frameworks/SystemConfiguration.framework; sourceTree = SDKROOT; };
		49516A8115C8D34B00B9579A /* MainStoryboard.storyboard */ = {isa = PBXFileReference; fileEncoding = 4; lastKnownFileType = file.storyboard; path = MainStoryboard.storyboard; sourceTree = "<group>"; };
		498513EA15C7963800EB6A77 /* Snapable-Info.plist */ = {isa = PBXFileReference; fileEncoding = 4; lastKnownFileType = text.plist.xml; path = "Snapable-Info.plist"; sourceTree = "<group>"; };
		498513EB15C7963800EB6A77 /* Snapable-Prefix.pch */ = {isa = PBXFileReference; fileEncoding = 4; lastKnownFileType = sourcecode.c.h; path = "Snapable-Prefix.pch"; sourceTree = "<group>"; };
		498513F215C7966000EB6A77 /* en */ = {isa = PBXFileReference; lastKnownFileType = text.plist.strings; name = en; path = en.lproj/InfoPlist.strings; sourceTree = "<group>"; };
		498513F315C7966000EB6A77 /* main.m */ = {isa = PBXFileReference; fileEncoding = 4; lastKnownFileType = sourcecode.c.objc; path = main.m; sourceTree = "<group>"; };
		498513F615C7977900EB6A77 /* Icon-72.png */ = {isa = PBXFileReference; lastKnownFileType = image.png; path = "Icon-72.png"; sourceTree = "<group>"; };
		498513F715C7977900EB6A77 /* Icon-Small-50.png */ = {isa = PBXFileReference; lastKnownFileType = image.png; path = "Icon-Small-50.png"; sourceTree = "<group>"; };
		498513F815C7977900EB6A77 /* Icon-Small.png */ = {isa = PBXFileReference; lastKnownFileType = image.png; path = "Icon-Small.png"; sourceTree = "<group>"; };
		498513F915C7977900EB6A77 /* Icon-Small@2x.png */ = {isa = PBXFileReference; lastKnownFileType = image.png; path = "Icon-Small@2x.png"; sourceTree = "<group>"; };
		498513FA15C7977900EB6A77 /* Icon.png */ = {isa = PBXFileReference; lastKnownFileType = image.png; path = Icon.png; sourceTree = "<group>"; };
		498513FB15C7977900EB6A77 /* Icon@2x.png */ = {isa = PBXFileReference; lastKnownFileType = image.png; path = "Icon@2x.png"; sourceTree = "<group>"; };
		498513FC15C7977900EB6A77 /* iTunesArtwork */ = {isa = PBXFileReference; lastKnownFileType = file; path = iTunesArtwork; sourceTree = "<group>"; };
		49BCC2A915C6F3C100E90CB4 /* Snapable-dev.app */ = {isa = PBXFileReference; explicitFileType = wrapper.application; includeInIndex = 0; path = "Snapable-dev.app"; sourceTree = BUILT_PRODUCTS_DIR; };
		49BCC2AD15C6F3C100E90CB4 /* UIKit.framework */ = {isa = PBXFileReference; lastKnownFileType = wrapper.framework; name = UIKit.framework; path = System/Library/Frameworks/UIKit.framework; sourceTree = SDKROOT; };
		49BCC2AF15C6F3C100E90CB4 /* Foundation.framework */ = {isa = PBXFileReference; lastKnownFileType = wrapper.framework; name = Foundation.framework; path = System/Library/Frameworks/Foundation.framework; sourceTree = SDKROOT; };
		49BCC2B115C6F3C100E90CB4 /* CoreGraphics.framework */ = {isa = PBXFileReference; lastKnownFileType = wrapper.framework; name = CoreGraphics.framework; path = System/Library/Frameworks/CoreGraphics.framework; sourceTree = SDKROOT; };
		9802184215C98A2B000728EA /* screen1.png */ = {isa = PBXFileReference; lastKnownFileType = image.png; path = screen1.png; sourceTree = "<group>"; };
		9802184415CABC53000728EA /* navigationBarBackgroundImage.png */ = {isa = PBXFileReference; lastKnownFileType = image.png; path = navigationBarBackgroundImage.png; sourceTree = "<group>"; };
		98571AAB15CAC92B0076BE97 /* SnapNavigationBar.h */ = {isa = PBXFileReference; fileEncoding = 4; lastKnownFileType = sourcecode.c.h; path = SnapNavigationBar.h; sourceTree = "<group>"; };
		98571AAC15CAC92B0076BE97 /* SnapNavigationBar.m */ = {isa = PBXFileReference; fileEncoding = 4; lastKnownFileType = sourcecode.c.objc; path = SnapNavigationBar.m; sourceTree = "<group>"; };
		98571AAE15CAD81E0076BE97 /* eventListBackgroundImage.png */ = {isa = PBXFileReference; lastKnownFileType = image.png; path = eventListBackgroundImage.png; sourceTree = "<group>"; };
		98571AB015CADA670076BE97 /* eventLrgPhotoHolder.png */ = {isa = PBXFileReference; lastKnownFileType = image.png; path = eventLrgPhotoHolder.png; sourceTree = "<group>"; };
		98571AB215CADC5C0076BE97 /* FPOeventLrgPhoto.png */ = {isa = PBXFileReference; lastKnownFileType = image.png; path = FPOeventLrgPhoto.png; sourceTree = "<group>"; };
		98571AB415CADDF60076BE97 /* eventLrgPhotoTxtOverlay.png */ = {isa = PBXFileReference; lastKnownFileType = image.png; path = eventLrgPhotoTxtOverlay.png; sourceTree = "<group>"; };
		98571AB615CAE1AF0076BE97 /* bigArrowCircle.png */ = {isa = PBXFileReference; lastKnownFileType = image.png; path = bigArrowCircle.png; sourceTree = "<group>"; };
		98571AB815CAE8D30076BE97 /* arrowBlue.png */ = {isa = PBXFileReference; lastKnownFileType = image.png; path = arrowBlue.png; sourceTree = "<group>"; };
		98571ABA15CAF1B90076BE97 /* background.png */ = {isa = PBXFileReference; lastKnownFileType = image.png; path = background.png; sourceTree = "<group>"; };
		98571ABC15CB067C0076BE97 /* FPOeventPhoto2.png */ = {isa = PBXFileReference; lastKnownFileType = image.png; path = FPOeventPhoto2.png; sourceTree = "<group>"; };
		98571ABD15CB067C0076BE97 /* FPOeventPhoto3.png */ = {isa = PBXFileReference; lastKnownFileType = image.png; path = FPOeventPhoto3.png; sourceTree = "<group>"; };
		98571ABE15CB067C0076BE97 /* FPOeventPhoto4.png */ = {isa = PBXFileReference; lastKnownFileType = image.png; path = FPOeventPhoto4.png; sourceTree = "<group>"; };
		98571ABF15CB067C0076BE97 /* FPOeventPhoto5.png */ = {isa = PBXFileReference; lastKnownFileType = image.png; path = FPOeventPhoto5.png; sourceTree = "<group>"; };
		98571AC415CB06DD0076BE97 /* FPOeventPhoto6.png */ = {isa = PBXFileReference; lastKnownFileType = image.png; path = FPOeventPhoto6.png; sourceTree = "<group>"; };
		98571AC615CB07B40076BE97 /* buttonCamera.png */ = {isa = PBXFileReference; lastKnownFileType = image.png; path = buttonCamera.png; sourceTree = "<group>"; };
		98571AC815CB08E60076BE97 /* buttonTransparent.png */ = {isa = PBXFileReference; lastKnownFileType = image.png; path = buttonTransparent.png; sourceTree = "<group>"; };
		98571ACA15CB0A150076BE97 /* backgroundPhoto.png */ = {isa = PBXFileReference; lastKnownFileType = image.png; path = backgroundPhoto.png; sourceTree = "<group>"; };
		98571ACC15CB0F5C0076BE97 /* teardrop.png */ = {isa = PBXFileReference; lastKnownFileType = image.png; path = teardrop.png; sourceTree = "<group>"; };
		98571ACE15CB12370076BE97 /* FPOeventLrgPhoto2.png */ = {isa = PBXFileReference; lastKnownFileType = image.png; path = FPOeventLrgPhoto2.png; sourceTree = "<group>"; };
		98571ACF15CB12370076BE97 /* FPOeventLrgPhoto3.png */ = {isa = PBXFileReference; lastKnownFileType = image.png; path = FPOeventLrgPhoto3.png; sourceTree = "<group>"; };
		98571AD015CB12370076BE97 /* FPOeventLrgPhoto4.png */ = {isa = PBXFileReference; lastKnownFileType = image.png; path = FPOeventLrgPhoto4.png; sourceTree = "<group>"; };
		98571AD115CB12370076BE97 /* FPOeventLrgPhoto5.png */ = {isa = PBXFileReference; lastKnownFileType = image.png; path = FPOeventLrgPhoto5.png; sourceTree = "<group>"; };
		98571AD215CB12370076BE97 /* FPOeventLrgPhoto6.png */ = {isa = PBXFileReference; lastKnownFileType = image.png; path = FPOeventLrgPhoto6.png; sourceTree = "<group>"; };
/* End PBXFileReference section */

/* Begin PBXFrameworksBuildPhase section */
		49BCC2A615C6F3C100E90CB4 /* Frameworks */ = {
			isa = PBXFrameworksBuildPhase;
			buildActionMask = 2147483647;
			files = (
				49516A7B15C84BA300B9579A /* CoreData.framework in Frameworks */,
				49516A7C15C84BA300B9579A /* libxml2.dylib in Frameworks */,
				49516A7D15C84BA300B9579A /* MobileCoreServices.framework in Frameworks */,
				49516A7E15C84BA300B9579A /* QuartzCore.framework in Frameworks */,
				49516A7F15C84BA300B9579A /* Security.framework in Frameworks */,
				49516A8015C84BA300B9579A /* SystemConfiguration.framework in Frameworks */,
				49516A7415C84BA300B9579A /* CFNetwork.framework in Frameworks */,
				49516A6915C84A6B00B9579A /* libRestKit.a in Frameworks */,
				49BCC2AE15C6F3C100E90CB4 /* UIKit.framework in Frameworks */,
				49BCC2B015C6F3C100E90CB4 /* Foundation.framework in Frameworks */,
				49BCC2B215C6F3C100E90CB4 /* CoreGraphics.framework in Frameworks */,
			);
			runOnlyForDeploymentPostprocessing = 0;
		};
/* End PBXFrameworksBuildPhase section */

/* Begin PBXGroup section */
		490985CD15C83E7200EB1969 /* Views */ = {
			isa = PBXGroup;
			children = (
			);
			name = Views;
			sourceTree = "<group>";
		};
		49516A4D15C8423700B9579A /* Storyboards */ = {
			isa = PBXGroup;
			children = (
				49516A8115C8D34B00B9579A /* MainStoryboard.storyboard */,
			);
			path = Storyboards;
			sourceTree = "<group>";
		};
		49516A5115C8495300B9579A /* Products */ = {
			isa = PBXGroup;
			children = (
				49516A5C15C8495300B9579A /* libRestKit.a */,
				49516A5E15C8495300B9579A /* RestKitTests.octest */,
				49516A6015C8495300B9579A /* RestKit.framework */,
				49516A6215C8495300B9579A /* RestKitFrameworkTests.octest */,
				49516A6415C8495300B9579A /* RestKitResources.bundle */,
			);
			name = Products;
			sourceTree = "<group>";
		};
		498513E215C7962600EB6A77 /* Classes */ = {
			isa = PBXGroup;
			children = (
				49516A4D15C8423700B9579A /* Storyboards */,
				490985CD15C83E7200EB1969 /* Views */,
				498513E315C7962600EB6A77 /* AppDelegate */,
				498513E615C7962600EB6A77 /* Controllers */,
				498513E715C7962600EB6A77 /* Helpers */,
				498513E815C7962600EB6A77 /* Models */,
			);
			path = Classes;
			sourceTree = "<group>";
		};
		498513E315C7962600EB6A77 /* AppDelegate */ = {
			isa = PBXGroup;
			children = (
				4925163B15C8E14400A776C7 /* SnapAppDelegate.h */,
				4925163C15C8E14400A776C7 /* SnapAppDelegate.m */,
			);
			path = AppDelegate;
			sourceTree = "<group>";
		};
		498513E615C7962600EB6A77 /* Controllers */ = {
			isa = PBXGroup;
			children = (
				4925163E15C8E1AF00A776C7 /* MainViewController.h */,
				4925163F15C8E1AF00A776C7 /* MainViewController.m */,
				98571AAB15CAC92B0076BE97 /* SnapNavigationBar.h */,
				98571AAC15CAC92B0076BE97 /* SnapNavigationBar.m */,
			);
			path = Controllers;
			sourceTree = "<group>";
		};
		498513E715C7962600EB6A77 /* Helpers */ = {
			isa = PBXGroup;
			children = (
			);
			path = Helpers;
			sourceTree = "<group>";
		};
		498513E815C7962600EB6A77 /* Models */ = {
			isa = PBXGroup;
			children = (
			);
			path = Models;
			sourceTree = "<group>";
		};
		498513ED15C7964E00EB6A77 /* Resources */ = {
			isa = PBXGroup;
			children = (
				498513EE15C7964E00EB6A77 /* Images */,
				498513EF15C7964E00EB6A77 /* NIBs */,
			);
			path = Resources;
			sourceTree = "<group>";
		};
		498513EE15C7964E00EB6A77 /* Images */ = {
			isa = PBXGroup;
			children = (
				490985C215C834FB00EB1969 /* Default.png */,
				490985C315C834FB00EB1969 /* Default@2x.png */,
				498513F615C7977900EB6A77 /* Icon-72.png */,
				498513F715C7977900EB6A77 /* Icon-Small-50.png */,
				498513F815C7977900EB6A77 /* Icon-Small.png */,
				498513F915C7977900EB6A77 /* Icon-Small@2x.png */,
				498513FA15C7977900EB6A77 /* Icon.png */,
				498513FB15C7977900EB6A77 /* Icon@2x.png */,
				498513FC15C7977900EB6A77 /* iTunesArtwork */,
			);
			path = Images;
			sourceTree = "<group>";
		};
		498513EF15C7964E00EB6A77 /* NIBs */ = {
			isa = PBXGroup;
			children = (
			);
			path = NIBs;
			sourceTree = "<group>";
		};
		498513F015C7966000EB6A77 /* Supporting Files */ = {
			isa = PBXGroup;
			children = (
				498513F115C7966000EB6A77 /* InfoPlist.strings */,
				498513F315C7966000EB6A77 /* main.m */,
			);
			path = "Supporting Files";
			sourceTree = "<group>";
		};
		49BCC29E15C6F3C100E90CB4 = {
			isa = PBXGroup;
			children = (
				49516A7515C84BA300B9579A /* CoreData.framework */,
				49516A7615C84BA300B9579A /* libxml2.dylib */,
				49516A7715C84BA300B9579A /* MobileCoreServices.framework */,
				49516A7815C84BA300B9579A /* QuartzCore.framework */,
				49516A7915C84BA300B9579A /* Security.framework */,
				49516A7A15C84BA300B9579A /* SystemConfiguration.framework */,
				49516A7215C84B2700B9579A /* CFNetwork.framework */,
				49516A5015C8495300B9579A /* RestKit.xcodeproj */,
				49BCC2B315C6F3C100E90CB4 /* Snapable */,
				49BCC2AC15C6F3C100E90CB4 /* Frameworks */,
				49BCC2AA15C6F3C100E90CB4 /* Products */,
			);
			sourceTree = "<group>";
		};
		49BCC2AA15C6F3C100E90CB4 /* Products */ = {
			isa = PBXGroup;
			children = (
				49BCC2A915C6F3C100E90CB4 /* Snapable-dev.app */,
			);
			name = Products;
			sourceTree = "<group>";
		};
		49BCC2AC15C6F3C100E90CB4 /* Frameworks */ = {
			isa = PBXGroup;
			children = (
				49BCC2AD15C6F3C100E90CB4 /* UIKit.framework */,
				49BCC2AF15C6F3C100E90CB4 /* Foundation.framework */,
				49BCC2B115C6F3C100E90CB4 /* CoreGraphics.framework */,
			);
			name = Frameworks;
			sourceTree = "<group>";
		};
		49BCC2B315C6F3C100E90CB4 /* Snapable */ = {
			isa = PBXGroup;
			children = (
				9802184115C98A13000728EA /* images */,
				498513F015C7966000EB6A77 /* Supporting Files */,
				498513ED15C7964E00EB6A77 /* Resources */,
				498513EA15C7963800EB6A77 /* Snapable-Info.plist */,
				498513EB15C7963800EB6A77 /* Snapable-Prefix.pch */,
				498513E215C7962600EB6A77 /* Classes */,
			);
			path = Snapable;
			sourceTree = "<group>";
		};
		9802184115C98A13000728EA /* images */ = {
			isa = PBXGroup;
			children = (
				98571ACE15CB12370076BE97 /* FPOeventLrgPhoto2.png */,
				98571ACF15CB12370076BE97 /* FPOeventLrgPhoto3.png */,
				98571AD015CB12370076BE97 /* FPOeventLrgPhoto4.png */,
				98571AD115CB12370076BE97 /* FPOeventLrgPhoto5.png */,
				98571AD215CB12370076BE97 /* FPOeventLrgPhoto6.png */,
				98571ACC15CB0F5C0076BE97 /* teardrop.png */,
				98571ACA15CB0A150076BE97 /* backgroundPhoto.png */,
				98571AC815CB08E60076BE97 /* buttonTransparent.png */,
				98571AC615CB07B40076BE97 /* buttonCamera.png */,
				98571AC415CB06DD0076BE97 /* FPOeventPhoto6.png */,
				98571ABC15CB067C0076BE97 /* FPOeventPhoto2.png */,
				98571ABD15CB067C0076BE97 /* FPOeventPhoto3.png */,
				98571ABE15CB067C0076BE97 /* FPOeventPhoto4.png */,
				98571ABF15CB067C0076BE97 /* FPOeventPhoto5.png */,
				98571ABA15CAF1B90076BE97 /* background.png */,
				98571AB815CAE8D30076BE97 /* arrowBlue.png */,
				98571AB615CAE1AF0076BE97 /* bigArrowCircle.png */,
				98571AB415CADDF60076BE97 /* eventLrgPhotoTxtOverlay.png */,
				98571AB215CADC5C0076BE97 /* FPOeventLrgPhoto.png */,
				98571AB015CADA670076BE97 /* eventLrgPhotoHolder.png */,
				98571AAE15CAD81E0076BE97 /* eventListBackgroundImage.png */,
				9802184415CABC53000728EA /* navigationBarBackgroundImage.png */,
				9802184215C98A2B000728EA /* screen1.png */,
			);
			name = images;
			sourceTree = "<group>";
		};
/* End PBXGroup section */

/* Begin PBXNativeTarget section */
		49BCC2A815C6F3C100E90CB4 /* Snapable-dev */ = {
			isa = PBXNativeTarget;
			buildConfigurationList = 49BCC2C115C6F3C100E90CB4 /* Build configuration list for PBXNativeTarget "Snapable-dev" */;
			buildPhases = (
				49BCC2A515C6F3C100E90CB4 /* Sources */,
				49BCC2A615C6F3C100E90CB4 /* Frameworks */,
				49BCC2A715C6F3C100E90CB4 /* Resources */,
			);
			buildRules = (
			);
			dependencies = (
				49516A6815C84A4600B9579A /* PBXTargetDependency */,
			);
			name = "Snapable-dev";
			productName = Snapable;
			productReference = 49BCC2A915C6F3C100E90CB4 /* Snapable-dev.app */;
			productType = "com.apple.product-type.application";
		};
/* End PBXNativeTarget section */

/* Begin PBXProject section */
		49BCC2A015C6F3C100E90CB4 /* Project object */ = {
			isa = PBXProject;
			attributes = {
				CLASSPREFIX = Snap;
				LastUpgradeCheck = 0440;
				ORGANIZATIONNAME = Snapable;
			};
			buildConfigurationList = 49BCC2A315C6F3C100E90CB4 /* Build configuration list for PBXProject "Snapable" */;
			compatibilityVersion = "Xcode 3.2";
			developmentRegion = English;
			hasScannedForEncodings = 0;
			knownRegions = (
				en,
			);
			mainGroup = 49BCC29E15C6F3C100E90CB4;
			productRefGroup = 49BCC2AA15C6F3C100E90CB4 /* Products */;
			projectDirPath = "";
			projectReferences = (
				{
					ProductGroup = 49516A5115C8495300B9579A /* Products */;
					ProjectRef = 49516A5015C8495300B9579A /* RestKit.xcodeproj */;
				},
			);
			projectRoot = "";
			targets = (
				49BCC2A815C6F3C100E90CB4 /* Snapable-dev */,
			);
		};
/* End PBXProject section */

/* Begin PBXReferenceProxy section */
		49516A5C15C8495300B9579A /* libRestKit.a */ = {
			isa = PBXReferenceProxy;
			fileType = archive.ar;
			path = libRestKit.a;
			remoteRef = 49516A5B15C8495300B9579A /* PBXContainerItemProxy */;
			sourceTree = BUILT_PRODUCTS_DIR;
		};
		49516A5E15C8495300B9579A /* RestKitTests.octest */ = {
			isa = PBXReferenceProxy;
			fileType = wrapper.cfbundle;
			path = RestKitTests.octest;
			remoteRef = 49516A5D15C8495300B9579A /* PBXContainerItemProxy */;
			sourceTree = BUILT_PRODUCTS_DIR;
		};
		49516A6015C8495300B9579A /* RestKit.framework */ = {
			isa = PBXReferenceProxy;
			fileType = wrapper.framework;
			path = RestKit.framework;
			remoteRef = 49516A5F15C8495300B9579A /* PBXContainerItemProxy */;
			sourceTree = BUILT_PRODUCTS_DIR;
		};
		49516A6215C8495300B9579A /* RestKitFrameworkTests.octest */ = {
			isa = PBXReferenceProxy;
			fileType = wrapper.cfbundle;
			path = RestKitFrameworkTests.octest;
			remoteRef = 49516A6115C8495300B9579A /* PBXContainerItemProxy */;
			sourceTree = BUILT_PRODUCTS_DIR;
		};
		49516A6415C8495300B9579A /* RestKitResources.bundle */ = {
			isa = PBXReferenceProxy;
			fileType = wrapper.cfbundle;
			path = RestKitResources.bundle;
			remoteRef = 49516A6315C8495300B9579A /* PBXContainerItemProxy */;
			sourceTree = BUILT_PRODUCTS_DIR;
		};
/* End PBXReferenceProxy section */

/* Begin PBXResourcesBuildPhase section */
		49BCC2A715C6F3C100E90CB4 /* Resources */ = {
			isa = PBXResourcesBuildPhase;
			buildActionMask = 2147483647;
			files = (
				498513F415C7966000EB6A77 /* InfoPlist.strings in Resources */,
				498513FD15C7977900EB6A77 /* Icon-72.png in Resources */,
				498513FE15C7977900EB6A77 /* Icon-Small-50.png in Resources */,
				498513FF15C7977900EB6A77 /* Icon-Small.png in Resources */,
				4985140015C7977900EB6A77 /* Icon-Small@2x.png in Resources */,
				4985140115C7977900EB6A77 /* Icon.png in Resources */,
				4985140215C7977900EB6A77 /* Icon@2x.png in Resources */,
				4985140315C7977900EB6A77 /* iTunesArtwork in Resources */,
				490985C415C834FB00EB1969 /* Default.png in Resources */,
				490985C515C834FB00EB1969 /* Default@2x.png in Resources */,
				49516A8215C8D34B00B9579A /* MainStoryboard.storyboard in Resources */,
				9802184315C98A2B000728EA /* screen1.png in Resources */,
				9802184515CABC53000728EA /* navigationBarBackgroundImage.png in Resources */,
				98571AAF15CAD81E0076BE97 /* eventListBackgroundImage.png in Resources */,
				98571AB115CADA670076BE97 /* eventLrgPhotoHolder.png in Resources */,
				98571AB315CADC5C0076BE97 /* FPOeventLrgPhoto.png in Resources */,
				98571AB515CADDF60076BE97 /* eventLrgPhotoTxtOverlay.png in Resources */,
				98571AB715CAE1AF0076BE97 /* bigArrowCircle.png in Resources */,
				98571AB915CAE8D30076BE97 /* arrowBlue.png in Resources */,
				98571ABB15CAF1B90076BE97 /* background.png in Resources */,
				98571AC015CB067C0076BE97 /* FPOeventPhoto2.png in Resources */,
				98571AC115CB067C0076BE97 /* FPOeventPhoto3.png in Resources */,
				98571AC215CB067C0076BE97 /* FPOeventPhoto4.png in Resources */,
				98571AC315CB067C0076BE97 /* FPOeventPhoto5.png in Resources */,
				98571AC515CB06DD0076BE97 /* FPOeventPhoto6.png in Resources */,
				98571AC715CB07B40076BE97 /* buttonCamera.png in Resources */,
				98571AC915CB08E60076BE97 /* buttonTransparent.png in Resources */,
				98571ACB15CB0A150076BE97 /* backgroundPhoto.png in Resources */,
				98571ACD15CB0F5C0076BE97 /* teardrop.png in Resources */,
				98571AD315CB12370076BE97 /* FPOeventLrgPhoto2.png in Resources */,
				98571AD415CB12370076BE97 /* FPOeventLrgPhoto3.png in Resources */,
				98571AD515CB12370076BE97 /* FPOeventLrgPhoto4.png in Resources */,
				98571AD615CB12370076BE97 /* FPOeventLrgPhoto5.png in Resources */,
				98571AD715CB12370076BE97 /* FPOeventLrgPhoto6.png in Resources */,
			);
			runOnlyForDeploymentPostprocessing = 0;
		};
/* End PBXResourcesBuildPhase section */

/* Begin PBXSourcesBuildPhase section */
		49BCC2A515C6F3C100E90CB4 /* Sources */ = {
			isa = PBXSourcesBuildPhase;
			buildActionMask = 2147483647;
			files = (
				498513F515C7966000EB6A77 /* main.m in Sources */,
				4925163D15C8E14400A776C7 /* SnapAppDelegate.m in Sources */,
				4925164015C8E1AF00A776C7 /* MainViewController.m in Sources */,
				98571AAD15CAC92B0076BE97 /* SnapNavigationBar.m in Sources */,
			);
			runOnlyForDeploymentPostprocessing = 0;
		};
/* End PBXSourcesBuildPhase section */

/* Begin PBXTargetDependency section */
		49516A6815C84A4600B9579A /* PBXTargetDependency */ = {
			isa = PBXTargetDependency;
			name = RestKit;
			targetProxy = 49516A6715C84A4600B9579A /* PBXContainerItemProxy */;
		};
/* End PBXTargetDependency section */

/* Begin PBXVariantGroup section */
		498513F115C7966000EB6A77 /* InfoPlist.strings */ = {
			isa = PBXVariantGroup;
			children = (
				498513F215C7966000EB6A77 /* en */,
			);
			name = InfoPlist.strings;
			sourceTree = "<group>";
		};
/* End PBXVariantGroup section */

/* Begin XCBuildConfiguration section */
		49BCC2BF15C6F3C100E90CB4 /* Debug */ = {
			isa = XCBuildConfiguration;
			buildSettings = {
				ALWAYS_SEARCH_USER_PATHS = NO;
				ARCHS = "$(ARCHS_STANDARD_32_BIT)";
				CLANG_CXX_LANGUAGE_STANDARD = "gnu++0x";
				CLANG_ENABLE_OBJC_ARC = YES;
				CLANG_WARN__DUPLICATE_METHOD_MATCH = YES;
				"CODE_SIGN_IDENTITY[sdk=iphoneos*]" = "iPhone Developer";
				COPY_PHASE_STRIP = NO;
				GCC_C_LANGUAGE_STANDARD = gnu99;
				GCC_DYNAMIC_NO_PIC = NO;
				GCC_OPTIMIZATION_LEVEL = 0;
				GCC_PREPROCESSOR_DEFINITIONS = (
					"DEBUG=1",
					"$(inherited)",
				);
				GCC_SYMBOLS_PRIVATE_EXTERN = NO;
				GCC_VERSION = com.apple.compilers.llvm.clang.1_0;
				GCC_WARN_ABOUT_RETURN_TYPE = YES;
				GCC_WARN_UNINITIALIZED_AUTOS = YES;
				GCC_WARN_UNUSED_VARIABLE = YES;
				IPHONEOS_DEPLOYMENT_TARGET = 5.1;
				SDKROOT = iphoneos;
				TARGETED_DEVICE_FAMILY = "1,2";
			};
			name = Debug;
		};
		49BCC2C015C6F3C100E90CB4 /* Release */ = {
			isa = XCBuildConfiguration;
			buildSettings = {
				ALWAYS_SEARCH_USER_PATHS = NO;
				ARCHS = "$(ARCHS_STANDARD_32_BIT)";
				CLANG_CXX_LANGUAGE_STANDARD = "gnu++0x";
				CLANG_ENABLE_OBJC_ARC = YES;
				CLANG_WARN__DUPLICATE_METHOD_MATCH = YES;
				"CODE_SIGN_IDENTITY[sdk=iphoneos*]" = "iPhone Developer";
				COPY_PHASE_STRIP = YES;
				GCC_C_LANGUAGE_STANDARD = gnu99;
				GCC_VERSION = com.apple.compilers.llvm.clang.1_0;
				GCC_WARN_ABOUT_RETURN_TYPE = YES;
				GCC_WARN_UNINITIALIZED_AUTOS = YES;
				GCC_WARN_UNUSED_VARIABLE = YES;
				IPHONEOS_DEPLOYMENT_TARGET = 5.1;
				OTHER_CFLAGS = "-DNS_BLOCK_ASSERTIONS=1";
				SDKROOT = iphoneos;
				TARGETED_DEVICE_FAMILY = "1,2";
				VALIDATE_PRODUCT = YES;
			};
			name = Release;
		};
		49BCC2C215C6F3C100E90CB4 /* Debug */ = {
			isa = XCBuildConfiguration;
			buildSettings = {
				GCC_PRECOMPILE_PREFIX_HEADER = YES;
				GCC_PREFIX_HEADER = "Snapable/Snapable-Prefix.pch";
				HEADER_SEARCH_PATHS = "\"$(BUILT_PRODUCTS_DIR)/../../Headers\"";
				INFOPLIST_FILE = "Snapable/Snapable-Info.plist";
				IPHONEOS_DEPLOYMENT_TARGET = 5.1;
				OTHER_LDFLAGS = (
					"-ObjC",
					"-all_load",
				);
				PRODUCT_NAME = "$(TARGET_NAME)";
				TARGETED_DEVICE_FAMILY = 1;
				USER_HEADER_SEARCH_PATHS = "";
				WRAPPER_EXTENSION = app;
			};
			name = Debug;
		};
		49BCC2C315C6F3C100E90CB4 /* Release */ = {
			isa = XCBuildConfiguration;
			buildSettings = {
				GCC_PRECOMPILE_PREFIX_HEADER = YES;
				GCC_PREFIX_HEADER = "Snapable/Snapable-Prefix.pch";
				HEADER_SEARCH_PATHS = "\"$(BUILT_PRODUCTS_DIR)/../../Headers\"";
				INFOPLIST_FILE = "Snapable/Snapable-Info.plist";
				IPHONEOS_DEPLOYMENT_TARGET = 5.1;
				OTHER_LDFLAGS = (
					"-ObjC",
					"-all_load",
				);
				PRODUCT_NAME = "$(TARGET_NAME)";
				TARGETED_DEVICE_FAMILY = 1;
				USER_HEADER_SEARCH_PATHS = "";
				WRAPPER_EXTENSION = app;
			};
			name = Release;
		};
/* End XCBuildConfiguration section */

/* Begin XCConfigurationList section */
		49BCC2A315C6F3C100E90CB4 /* Build configuration list for PBXProject "Snapable" */ = {
			isa = XCConfigurationList;
			buildConfigurations = (
				49BCC2BF15C6F3C100E90CB4 /* Debug */,
				49BCC2C015C6F3C100E90CB4 /* Release */,
			);
			defaultConfigurationIsVisible = 0;
			defaultConfigurationName = Release;
		};
		49BCC2C115C6F3C100E90CB4 /* Build configuration list for PBXNativeTarget "Snapable-dev" */ = {
			isa = XCConfigurationList;
			buildConfigurations = (
				49BCC2C215C6F3C100E90CB4 /* Debug */,
				49BCC2C315C6F3C100E90CB4 /* Release */,
			);
			defaultConfigurationIsVisible = 0;
			defaultConfigurationName = Release;
		};
/* End XCConfigurationList section */
	};
	rootObject = 49BCC2A015C6F3C100E90CB4 /* Project object */;
}
